
Microsoft Visual Studio Solution File, Format Version 12.00
# Visual Studio 14
VisualStudioVersion = 14.0.24720.0
MinimumVisualStudioVersion = 10.0.40219.1
Project("{FAE04EC0-301F-11D3-BF4B-00C04F79EFBC}") = "BI_Compass", "BI_Compass\BI_Compass\BI_Compass.csproj", "{92A2BBF0-715A-48AB-B552-C22710A6B203}"
EndProject
Project("{FAE04EC0-301F-11D3-BF4B-00C04F79EFBC}") = "BI_Compass.Droid", "BI_Compass\BI_Compass.Droid\BI_Compass.Droid.csproj", "{107A6D7D-BB76-4635-AAA2-8AD66929C953}"
EndProject
Project("{FAE04EC0-301F-11D3-BF4B-00C04F79EFBC}") = "BI_Compass.iOS", "BI_Compass\BI_Compass.iOS\BI_Compass.iOS.csproj", "{378F8F04-39A1-4EB3-81C7-A688B07FD7D6}"
EndProject
Project("{FAE04EC0-301F-11D3-BF4B-00C04F79EFBC}") = "BI_Compass.UWP", "BI_Compass\BI_Compass.UWP\BI_Compass.UWP.csproj", "{0E6035CC-C891-4C6F-8D96-D5F10E5B1872}"
EndProject
Project("{FAE04EC0-301F-11D3-BF4B-00C04F79EFBC}") = "BI_Compass.Windows", "BI_Compass\BI_Compass.Windows\BI_Compass.Windows.csproj", "{43517C71-9DA4-4D33-85BC-6CAE7622C9FE}"
EndProject
Project("{FAE04EC0-301F-11D3-BF4B-00C04F79EFBC}") = "BI_Compass.WinPhone", "BI_Compass\BI_Compass.WinPhone\BI_Compass.WinPhone.csproj", "{0730D5A4-A259-4E62-B6F8-777704D382B1}"
EndProject
Global
	GlobalSection(SolutionConfigurationPlatforms) = preSolution
		Ad-Hoc|Any CPU = Ad-Hoc|Any CPU
		Ad-Hoc|ARM = Ad-Hoc|ARM
		Ad-Hoc|iPhone = Ad-Hoc|iPhone
		Ad-Hoc|iPhoneSimulator = Ad-Hoc|iPhoneSimulator
		Ad-Hoc|x64 = Ad-Hoc|x64
		Ad-Hoc|x86 = Ad-Hoc|x86
		AppStore|Any CPU = AppStore|Any CPU
		AppStore|ARM = AppStore|ARM
		AppStore|iPhone = AppStore|iPhone
		AppStore|iPhoneSimulator = AppStore|iPhoneSimulator
		AppStore|x64 = AppStore|x64
		AppStore|x86 = AppStore|x86
		Debug|Any CPU = Debug|Any CPU
		Debug|ARM = Debug|ARM
		Debug|iPhone = Debug|iPhone
		Debug|iPhoneSimulator = Debug|iPhoneSimulator
		Debug|x64 = Debug|x64
		Debug|x86 = Debug|x86
		Release|Any CPU = Release|Any CPU
		Release|ARM = Release|ARM
		Release|iPhone = Release|iPhone
		Release|iPhoneSimulator = Release|iPhoneSimulator
		Release|x64 = Release|x64
		Release|x86 = Release|x86
	EndGlobalSection
	GlobalSection(ProjectConfigurationPlatforms) = postSolution
		{92A2BBF0-715A-48AB-B552-C22710A6B203}.Ad-Hoc|Any CPU.ActiveCfg = Release|Any CPU
		{92A2BBF0-715A-48AB-B552-C22710A6B203}.Ad-Hoc|Any CPU.Build.0 = Release|Any CPU
		{92A2BBF0-715A-48AB-B552-C22710A6B203}.Ad-Hoc|ARM.ActiveCfg = Release|Any CPU
		{92A2BBF0-715A-48AB-B552-C22710A6B203}.Ad-Hoc|ARM.Build.0 = Release|Any CPU
		{92A2BBF0-715A-48AB-B552-C22710A6B203}.Ad-Hoc|iPhone.ActiveCfg = Release|Any CPU
		{92A2BBF0-715A-48AB-B552-C22710A6B203}.Ad-Hoc|iPhone.Build.0 = Release|Any CPU
		{92A2BBF0-715A-48AB-B552-C22710A6B203}.Ad-Hoc|iPhoneSimulator.ActiveCfg = Release|Any CPU
		{92A2BBF0-715A-48AB-B552-C22710A6B203}.Ad-Hoc|iPhoneSimulator.Build.0 = Release|Any CPU
		{92A2BBF0-715A-48AB-B552-C22710A6B203}.Ad-Hoc|x64.ActiveCfg = Release|Any CPU
		{92A2BBF0-715A-48AB-B552-C22710A6B203}.Ad-Hoc|x64.Build.0 = Release|Any CPU
		{92A2BBF0-715A-48AB-B552-C22710A6B203}.Ad-Hoc|x86.ActiveCfg = Release|Any CPU
		{92A2BBF0-715A-48AB-B552-C22710A6B203}.Ad-Hoc|x86.Build.0 = Release|Any CPU
		{92A2BBF0-715A-48AB-B552-C22710A6B203}.AppStore|Any CPU.ActiveCfg = Release|Any CPU
		{92A2BBF0-715A-48AB-B552-C22710A6B203}.AppStore|Any CPU.Build.0 = Release|Any CPU
		{92A2BBF0-715A-48AB-B552-C22710A6B203}.AppStore|ARM.ActiveCfg = Release|Any CPU
		{92A2BBF0-715A-48AB-B552-C22710A6B203}.AppStore|ARM.Build.0 = Release|Any CPU
		{92A2BBF0-715A-48AB-B552-C22710A6B203}.AppStore|iPhone.ActiveCfg = Release|Any CPU
		{92A2BBF0-715A-48AB-B552-C22710A6B203}.AppStore|iPhone.Build.0 = Release|Any CPU
		{92A2BBF0-715A-48AB-B552-C22710A6B203}.AppStore|iPhoneSimulator.ActiveCfg = Release|Any CPU
		{92A2BBF0-715A-48AB-B552-C22710A6B203}.AppStore|iPhoneSimulator.Build.0 = Release|Any CPU
		{92A2BBF0-715A-48AB-B552-C22710A6B203}.AppStore|x64.ActiveCfg = Release|Any CPU
		{92A2BBF0-715A-48AB-B552-C22710A6B203}.AppStore|x64.Build.0 = Release|Any CPU
		{92A2BBF0-715A-48AB-B552-C22710A6B203}.AppStore|x86.ActiveCfg = Release|Any CPU
		{92A2BBF0-715A-48AB-B552-C22710A6B203}.AppStore|x86.Build.0 = Release|Any CPU
		{92A2BBF0-715A-48AB-B552-C22710A6B203}.Debug|Any CPU.ActiveCfg = Debug|Any CPU
		{92A2BBF0-715A-48AB-B552-C22710A6B203}.Debug|Any CPU.Build.0 = Debug|Any CPU
		{92A2BBF0-715A-48AB-B552-C22710A6B203}.Debug|ARM.ActiveCfg = Debug|Any CPU
		{92A2BBF0-715A-48AB-B552-C22710A6B203}.Debug|ARM.Build.0 = Debug|Any CPU
		{92A2BBF0-715A-48AB-B552-C22710A6B203}.Debug|iPhone.ActiveCfg = Debug|Any CPU
		{92A2BBF0-715A-48AB-B552-C22710A6B203}.Debug|iPhone.Build.0 = Debug|Any CPU
		{92A2BBF0-715A-48AB-B552-C22710A6B203}.Debug|iPhoneSimulator.ActiveCfg = Debug|Any CPU
		{92A2BBF0-715A-48AB-B552-C22710A6B203}.Debug|iPhoneSimulator.Build.0 = Debug|Any CPU
		{92A2BBF0-715A-48AB-B552-C22710A6B203}.Debug|x64.ActiveCfg = Debug|Any CPU
		{92A2BBF0-715A-48AB-B552-C22710A6B203}.Debug|x64.Build.0 = Debug|Any CPU
		{92A2BBF0-715A-48AB-B552-C22710A6B203}.Debug|x86.ActiveCfg = Debug|Any CPU
		{92A2BBF0-715A-48AB-B552-C22710A6B203}.Debug|x86.Build.0 = Debug|Any CPU
		{92A2BBF0-715A-48AB-B552-C22710A6B203}.Release|Any CPU.ActiveCfg = Release|Any CPU
		{92A2BBF0-715A-48AB-B552-C22710A6B203}.Release|Any CPU.Build.0 = Release|Any CPU
		{92A2BBF0-715A-48AB-B552-C22710A6B203}.Release|ARM.ActiveCfg = Release|Any CPU
		{92A2BBF0-715A-48AB-B552-C22710A6B203}.Release|ARM.Build.0 = Release|Any CPU
		{92A2BBF0-715A-48AB-B552-C22710A6B203}.Release|iPhone.ActiveCfg = Release|Any CPU
		{92A2BBF0-715A-48AB-B552-C22710A6B203}.Release|iPhone.Build.0 = Release|Any CPU
		{92A2BBF0-715A-48AB-B552-C22710A6B203}.Release|iPhoneSimulator.ActiveCfg = Release|Any CPU
		{92A2BBF0-715A-48AB-B552-C22710A6B203}.Release|iPhoneSimulator.Build.0 = Release|Any CPU
		{92A2BBF0-715A-48AB-B552-C22710A6B203}.Release|x64.ActiveCfg = Release|Any CPU
		{92A2BBF0-715A-48AB-B552-C22710A6B203}.Release|x64.Build.0 = Release|Any CPU
		{92A2BBF0-715A-48AB-B552-C22710A6B203}.Release|x86.ActiveCfg = Release|Any CPU
		{92A2BBF0-715A-48AB-B552-C22710A6B203}.Release|x86.Build.0 = Release|Any CPU
		{107A6D7D-BB76-4635-AAA2-8AD66929C953}.Ad-Hoc|Any CPU.ActiveCfg = Release|Any CPU
		{107A6D7D-BB76-4635-AAA2-8AD66929C953}.Ad-Hoc|Any CPU.Build.0 = Release|Any CPU
		{107A6D7D-BB76-4635-AAA2-8AD66929C953}.Ad-Hoc|Any CPU.Deploy.0 = Release|Any CPU
		{107A6D7D-BB76-4635-AAA2-8AD66929C953}.Ad-Hoc|ARM.ActiveCfg = Release|Any CPU
		{107A6D7D-BB76-4635-AAA2-8AD66929C953}.Ad-Hoc|ARM.Build.0 = Release|Any CPU
		{107A6D7D-BB76-4635-AAA2-8AD66929C953}.Ad-Hoc|ARM.Deploy.0 = Release|Any CPU
		{107A6D7D-BB76-4635-AAA2-8AD66929C953}.Ad-Hoc|iPhone.ActiveCfg = Release|Any CPU
		{107A6D7D-BB76-4635-AAA2-8AD66929C953}.Ad-Hoc|iPhone.Build.0 = Release|Any CPU
		{107A6D7D-BB76-4635-AAA2-8AD66929C953}.Ad-Hoc|iPhone.Deploy.0 = Release|Any CPU
		{107A6D7D-BB76-4635-AAA2-8AD66929C953}.Ad-Hoc|iPhoneSimulator.ActiveCfg = Release|Any CPU
		{107A6D7D-BB76-4635-AAA2-8AD66929C953}.Ad-Hoc|iPhoneSimulator.Build.0 = Release|Any CPU
		{107A6D7D-BB76-4635-AAA2-8AD66929C953}.Ad-Hoc|iPhoneSimulator.Deploy.0 = Release|Any CPU
		{107A6D7D-BB76-4635-AAA2-8AD66929C953}.Ad-Hoc|x64.ActiveCfg = Release|Any CPU
		{107A6D7D-BB76-4635-AAA2-8AD66929C953}.Ad-Hoc|x64.Build.0 = Release|Any CPU
		{107A6D7D-BB76-4635-AAA2-8AD66929C953}.Ad-Hoc|x64.Deploy.0 = Release|Any CPU
		{107A6D7D-BB76-4635-AAA2-8AD66929C953}.Ad-Hoc|x86.ActiveCfg = Release|Any CPU
		{107A6D7D-BB76-4635-AAA2-8AD66929C953}.Ad-Hoc|x86.Build.0 = Release|Any CPU
		{107A6D7D-BB76-4635-AAA2-8AD66929C953}.Ad-Hoc|x86.Deploy.0 = Release|Any CPU
		{107A6D7D-BB76-4635-AAA2-8AD66929C953}.AppStore|Any CPU.ActiveCfg = Release|Any CPU
		{107A6D7D-BB76-4635-AAA2-8AD66929C953}.AppStore|Any CPU.Build.0 = Release|Any CPU
		{107A6D7D-BB76-4635-AAA2-8AD66929C953}.AppStore|Any CPU.Deploy.0 = Release|Any CPU
		{107A6D7D-BB76-4635-AAA2-8AD66929C953}.AppStore|ARM.ActiveCfg = Release|Any CPU
		{107A6D7D-BB76-4635-AAA2-8AD66929C953}.AppStore|ARM.Build.0 = Release|Any CPU
		{107A6D7D-BB76-4635-AAA2-8AD66929C953}.AppStore|ARM.Deploy.0 = Release|Any CPU
		{107A6D7D-BB76-4635-AAA2-8AD66929C953}.AppStore|iPhone.ActiveCfg = Release|Any CPU
		{107A6D7D-BB76-4635-AAA2-8AD66929C953}.AppStore|iPhone.Build.0 = Release|Any CPU
		{107A6D7D-BB76-4635-AAA2-8AD66929C953}.AppStore|iPhone.Deploy.0 = Release|Any CPU
		{107A6D7D-BB76-4635-AAA2-8AD66929C953}.AppStore|iPhoneSimulator.ActiveCfg = Release|Any CPU
		{107A6D7D-BB76-4635-AAA2-8AD66929C953}.AppStore|iPhoneSimulator.Build.0 = Release|Any CPU
		{107A6D7D-BB76-4635-AAA2-8AD66929C953}.AppStore|iPhoneSimulator.Deploy.0 = Release|Any CPU
		{107A6D7D-BB76-4635-AAA2-8AD66929C953}.AppStore|x64.ActiveCfg = Release|Any CPU
		{107A6D7D-BB76-4635-AAA2-8AD66929C953}.AppStore|x64.Build.0 = Release|Any CPU
		{107A6D7D-BB76-4635-AAA2-8AD66929C953}.AppStore|x64.Deploy.0 = Release|Any CPU
		{107A6D7D-BB76-4635-AAA2-8AD66929C953}.AppStore|x86.ActiveCfg = Release|Any CPU
		{107A6D7D-BB76-4635-AAA2-8AD66929C953}.AppStore|x86.Build.0 = Release|Any CPU
		{107A6D7D-BB76-4635-AAA2-8AD66929C953}.AppStore|x86.Deploy.0 = Release|Any CPU
		{107A6D7D-BB76-4635-AAA2-8AD66929C953}.Debug|Any CPU.ActiveCfg = Debug|Any CPU
		{107A6D7D-BB76-4635-AAA2-8AD66929C953}.Debug|Any CPU.Build.0 = Debug|Any CPU
		{107A6D7D-BB76-4635-AAA2-8AD66929C953}.Debug|Any CPU.Deploy.0 = Debug|Any CPU
		{107A6D7D-BB76-4635-AAA2-8AD66929C953}.Debug|ARM.ActiveCfg = Debug|Any CPU
		{107A6D7D-BB76-4635-AAA2-8AD66929C953}.Debug|ARM.Build.0 = Debug|Any CPU
		{107A6D7D-BB76-4635-AAA2-8AD66929C953}.Debug|ARM.Deploy.0 = Debug|Any CPU
		{107A6D7D-BB76-4635-AAA2-8AD66929C953}.Debug|iPhone.ActiveCfg = Debug|Any CPU
		{107A6D7D-BB76-4635-AAA2-8AD66929C953}.Debug|iPhone.Build.0 = Debug|Any CPU
		{107A6D7D-BB76-4635-AAA2-8AD66929C953}.Debug|iPhone.Deploy.0 = Debug|Any CPU
		{107A6D7D-BB76-4635-AAA2-8AD66929C953}.Debug|iPhoneSimulator.ActiveCfg = Debug|Any CPU
		{107A6D7D-BB76-4635-AAA2-8AD66929C953}.Debug|iPhoneSimulator.Build.0 = Debug|Any CPU
		{107A6D7D-BB76-4635-AAA2-8AD66929C953}.Debug|iPhoneSimulator.Deploy.0 = Debug|Any CPU
		{107A6D7D-BB76-4635-AAA2-8AD66929C953}.Debug|x64.ActiveCfg = Debug|Any CPU
		{107A6D7D-BB76-4635-AAA2-8AD66929C953}.Debug|x64.Build.0 = Debug|Any CPU
		{107A6D7D-BB76-4635-AAA2-8AD66929C953}.Debug|x64.Deploy.0 = Debug|Any CPU
		{107A6D7D-BB76-4635-AAA2-8AD66929C953}.Debug|x86.ActiveCfg = Debug|Any CPU
		{107A6D7D-BB76-4635-AAA2-8AD66929C953}.Debug|x86.Build.0 = Debug|Any CPU
		{107A6D7D-BB76-4635-AAA2-8AD66929C953}.Debug|x86.Deploy.0 = Debug|Any CPU
		{107A6D7D-BB76-4635-AAA2-8AD66929C953}.Release|Any CPU.ActiveCfg = Release|Any CPU
		{107A6D7D-BB76-4635-AAA2-8AD66929C953}.Release|Any CPU.Build.0 = Release|Any CPU
		{107A6D7D-BB76-4635-AAA2-8AD66929C953}.Release|Any CPU.Deploy.0 = Release|Any CPU
		{107A6D7D-BB76-4635-AAA2-8AD66929C953}.Release|ARM.ActiveCfg = Release|Any CPU
		{107A6D7D-BB76-4635-AAA2-8AD66929C953}.Release|ARM.Build.0 = Release|Any CPU
		{107A6D7D-BB76-4635-AAA2-8AD66929C953}.Release|ARM.Deploy.0 = Release|Any CPU
		{107A6D7D-BB76-4635-AAA2-8AD66929C953}.Release|iPhone.ActiveCfg = Release|Any CPU
		{107A6D7D-BB76-4635-AAA2-8AD66929C953}.Release|iPhone.Build.0 = Release|Any CPU
		{107A6D7D-BB76-4635-AAA2-8AD66929C953}.Release|iPhone.Deploy.0 = Release|Any CPU
		{107A6D7D-BB76-4635-AAA2-8AD66929C953}.Release|iPhoneSimulator.ActiveCfg = Release|Any CPU
		{107A6D7D-BB76-4635-AAA2-8AD66929C953}.Release|iPhoneSimulator.Build.0 = Release|Any CPU
		{107A6D7D-BB76-4635-AAA2-8AD66929C953}.Release|iPhoneSimulator.Deploy.0 = Release|Any CPU
		{107A6D7D-BB76-4635-AAA2-8AD66929C953}.Release|x64.ActiveCfg = Release|Any CPU
		{107A6D7D-BB76-4635-AAA2-8AD66929C953}.Release|x64.Build.0 = Release|Any CPU
		{107A6D7D-BB76-4635-AAA2-8AD66929C953}.Release|x64.Deploy.0 = Release|Any CPU
		{107A6D7D-BB76-4635-AAA2-8AD66929C953}.Release|x86.ActiveCfg = Release|Any CPU
		{107A6D7D-BB76-4635-AAA2-8AD66929C953}.Release|x86.Build.0 = Release|Any CPU
		{107A6D7D-BB76-4635-AAA2-8AD66929C953}.Release|x86.Deploy.0 = Release|Any CPU
		{378F8F04-39A1-4EB3-81C7-A688B07FD7D6}.Ad-Hoc|Any CPU.ActiveCfg = Ad-Hoc|iPhone
		{378F8F04-39A1-4EB3-81C7-A688B07FD7D6}.Ad-Hoc|ARM.ActiveCfg = Ad-Hoc|iPhone
		{378F8F04-39A1-4EB3-81C7-A688B07FD7D6}.Ad-Hoc|iPhone.ActiveCfg = Ad-Hoc|iPhone
		{378F8F04-39A1-4EB3-81C7-A688B07FD7D6}.Ad-Hoc|iPhone.Build.0 = Ad-Hoc|iPhone
		{378F8F04-39A1-4EB3-81C7-A688B07FD7D6}.Ad-Hoc|iPhoneSimulator.ActiveCfg = Ad-Hoc|iPhoneSimulator
		{378F8F04-39A1-4EB3-81C7-A688B07FD7D6}.Ad-Hoc|iPhoneSimulator.Build.0 = Ad-Hoc|iPhoneSimulator
		{378F8F04-39A1-4EB3-81C7-A688B07FD7D6}.Ad-Hoc|x64.ActiveCfg = Ad-Hoc|iPhone
		{378F8F04-39A1-4EB3-81C7-A688B07FD7D6}.Ad-Hoc|x86.ActiveCfg = Ad-Hoc|iPhone
		{378F8F04-39A1-4EB3-81C7-A688B07FD7D6}.AppStore|Any CPU.ActiveCfg = AppStore|iPhone
		{378F8F04-39A1-4EB3-81C7-A688B07FD7D6}.AppStore|ARM.ActiveCfg = AppStore|iPhone
		{378F8F04-39A1-4EB3-81C7-A688B07FD7D6}.AppStore|iPhone.ActiveCfg = AppStore|iPhone
		{378F8F04-39A1-4EB3-81C7-A688B07FD7D6}.AppStore|iPhone.Build.0 = AppStore|iPhone
		{378F8F04-39A1-4EB3-81C7-A688B07FD7D6}.AppStore|iPhoneSimulator.ActiveCfg = AppStore|iPhoneSimulator
		{378F8F04-39A1-4EB3-81C7-A688B07FD7D6}.AppStore|iPhoneSimulator.Build.0 = AppStore|iPhoneSimulator
		{378F8F04-39A1-4EB3-81C7-A688B07FD7D6}.AppStore|x64.ActiveCfg = AppStore|iPhone
		{378F8F04-39A1-4EB3-81C7-A688B07FD7D6}.AppStore|x86.ActiveCfg = AppStore|iPhone
		{378F8F04-39A1-4EB3-81C7-A688B07FD7D6}.Debug|Any CPU.ActiveCfg = Debug|iPhone
		{378F8F04-39A1-4EB3-81C7-A688B07FD7D6}.Debug|ARM.ActiveCfg = Debug|iPhone
		{378F8F04-39A1-4EB3-81C7-A688B07FD7D6}.Debug|iPhone.ActiveCfg = Debug|iPhone
		{378F8F04-39A1-4EB3-81C7-A688B07FD7D6}.Debug|iPhone.Build.0 = Debug|iPhone
		{378F8F04-39A1-4EB3-81C7-A688B07FD7D6}.Debug|iPhoneSimulator.ActiveCfg = Debug|iPhoneSimulator
		{378F8F04-39A1-4EB3-81C7-A688B07FD7D6}.Debug|iPhoneSimulator.Build.0 = Debug|iPhoneSimulator
		{378F8F04-39A1-4EB3-81C7-A688B07FD7D6}.Debug|x64.ActiveCfg = Debug|iPhone
		{378F8F04-39A1-4EB3-81C7-A688B07FD7D6}.Debug|x86.ActiveCfg = Debug|iPhone
		{378F8F04-39A1-4EB3-81C7-A688B07FD7D6}.Release|Any CPU.ActiveCfg = Release|iPhone
		{378F8F04-39A1-4EB3-81C7-A688B07FD7D6}.Release|ARM.ActiveCfg = Release|iPhone
		{378F8F04-39A1-4EB3-81C7-A688B07FD7D6}.Release|iPhone.ActiveCfg = Release|iPhone
		{378F8F04-39A1-4EB3-81C7-A688B07FD7D6}.Release|iPhone.Build.0 = Release|iPhone
		{378F8F04-39A1-4EB3-81C7-A688B07FD7D6}.Release|iPhoneSimulator.ActiveCfg = Release|iPhoneSimulator
		{378F8F04-39A1-4EB3-81C7-A688B07FD7D6}.Release|iPhoneSimulator.Build.0 = Release|iPhoneSimulator
		{378F8F04-39A1-4EB3-81C7-A688B07FD7D6}.Release|x64.ActiveCfg = Release|iPhone
		{378F8F04-39A1-4EB3-81C7-A688B07FD7D6}.Release|x86.ActiveCfg = Release|iPhone
		{0E6035CC-C891-4C6F-8D96-D5F10E5B1872}.Ad-Hoc|Any CPU.ActiveCfg = Release|x86
		{0E6035CC-C891-4C6F-8D96-D5F10E5B1872}.Ad-Hoc|Any CPU.Build.0 = Release|x86
		{0E6035CC-C891-4C6F-8D96-D5F10E5B1872}.Ad-Hoc|Any CPU.Deploy.0 = Release|x86
		{0E6035CC-C891-4C6F-8D96-D5F10E5B1872}.Ad-Hoc|ARM.ActiveCfg = Release|ARM
		{0E6035CC-C891-4C6F-8D96-D5F10E5B1872}.Ad-Hoc|ARM.Build.0 = Release|ARM
		{0E6035CC-C891-4C6F-8D96-D5F10E5B1872}.Ad-Hoc|ARM.Deploy.0 = Release|ARM
		{0E6035CC-C891-4C6F-8D96-D5F10E5B1872}.Ad-Hoc|iPhone.ActiveCfg = Release|x86
		{0E6035CC-C891-4C6F-8D96-D5F10E5B1872}.Ad-Hoc|iPhone.Build.0 = Release|x86
		{0E6035CC-C891-4C6F-8D96-D5F10E5B1872}.Ad-Hoc|iPhone.Deploy.0 = Release|x86
		{0E6035CC-C891-4C6F-8D96-D5F10E5B1872}.Ad-Hoc|iPhoneSimulator.ActiveCfg = Release|x86
		{0E6035CC-C891-4C6F-8D96-D5F10E5B1872}.Ad-Hoc|iPhoneSimulator.Build.0 = Release|x86
		{0E6035CC-C891-4C6F-8D96-D5F10E5B1872}.Ad-Hoc|iPhoneSimulator.Deploy.0 = Release|x86
		{0E6035CC-C891-4C6F-8D96-D5F10E5B1872}.Ad-Hoc|x64.ActiveCfg = Release|x64
		{0E6035CC-C891-4C6F-8D96-D5F10E5B1872}.Ad-Hoc|x64.Build.0 = Release|x64
		{0E6035CC-C891-4C6F-8D96-D5F10E5B1872}.Ad-Hoc|x64.Deploy.0 = Release|x64
		{0E6035CC-C891-4C6F-8D96-D5F10E5B1872}.Ad-Hoc|x86.ActiveCfg = Release|x86
		{0E6035CC-C891-4C6F-8D96-D5F10E5B1872}.Ad-Hoc|x86.Build.0 = Release|x86
		{0E6035CC-C891-4C6F-8D96-D5F10E5B1872}.Ad-Hoc|x86.Deploy.0 = Release|x86
		{0E6035CC-C891-4C6F-8D96-D5F10E5B1872}.AppStore|Any CPU.ActiveCfg = Release|x86
		{0E6035CC-C891-4C6F-8D96-D5F10E5B1872}.AppStore|Any CPU.Build.0 = Release|x86
		{0E6035CC-C891-4C6F-8D96-D5F10E5B1872}.AppStore|Any CPU.Deploy.0 = Release|x86
		{0E6035CC-C891-4C6F-8D96-D5F10E5B1872}.AppStore|ARM.ActiveCfg = Release|ARM
		{0E6035CC-C891-4C6F-8D96-D5F10E5B1872}.AppStore|ARM.Build.0 = Release|ARM
		{0E6035CC-C891-4C6F-8D96-D5F10E5B1872}.AppStore|ARM.Deploy.0 = Release|ARM
		{0E6035CC-C891-4C6F-8D96-D5F10E5B1872}.AppStore|iPhone.ActiveCfg = Release|x86
		{0E6035CC-C891-4C6F-8D96-D5F10E5B1872}.AppStore|iPhone.Build.0 = Release|x86
		{0E6035CC-C891-4C6F-8D96-D5F10E5B1872}.AppStore|iPhone.Deploy.0 = Release|x86
		{0E6035CC-C891-4C6F-8D96-D5F10E5B1872}.AppStore|iPhoneSimulator.ActiveCfg = Release|x86
		{0E6035CC-C891-4C6F-8D96-D5F10E5B1872}.AppStore|iPhoneSimulator.Build.0 = Release|x86
		{0E6035CC-C891-4C6F-8D96-D5F10E5B1872}.AppStore|iPhoneSimulator.Deploy.0 = Release|x86
		{0E6035CC-C891-4C6F-8D96-D5F10E5B1872}.AppStore|x64.ActiveCfg = Release|x64
		{0E6035CC-C891-4C6F-8D96-D5F10E5B1872}.AppStore|x64.Build.0 = Release|x64
		{0E6035CC-C891-4C6F-8D96-D5F10E5B1872}.AppStore|x64.Deploy.0 = Release|x64
		{0E6035CC-C891-4C6F-8D96-D5F10E5B1872}.AppStore|x86.ActiveCfg = Release|x86
		{0E6035CC-C891-4C6F-8D96-D5F10E5B1872}.AppStore|x86.Build.0 = Release|x86
		{0E6035CC-C891-4C6F-8D96-D5F10E5B1872}.AppStore|x86.Deploy.0 = Release|x86
		{0E6035CC-C891-4C6F-8D96-D5F10E5B1872}.Debug|Any CPU.ActiveCfg = Debug|x86
		{0E6035CC-C891-4C6F-8D96-D5F10E5B1872}.Debug|Any CPU.Build.0 = Debug|x86
		{0E6035CC-C891-4C6F-8D96-D5F10E5B1872}.Debug|Any CPU.Deploy.0 = Debug|x86
		{0E6035CC-C891-4C6F-8D96-D5F10E5B1872}.Debug|ARM.ActiveCfg = Debug|ARM
		{0E6035CC-C891-4C6F-8D96-D5F10E5B1872}.Debug|ARM.Build.0 = Debug|ARM
		{0E6035CC-C891-4C6F-8D96-D5F10E5B1872}.Debug|ARM.Deploy.0 = Debug|ARM
		{0E6035CC-C891-4C6F-8D96-D5F10E5B1872}.Debug|iPhone.ActiveCfg = Debug|x86
		{0E6035CC-C891-4C6F-8D96-D5F10E5B1872}.Debug|iPhoneSimulator.ActiveCfg = Debug|x86
		{0E6035CC-C891-4C6F-8D96-D5F10E5B1872}.Debug|x64.ActiveCfg = Debug|x64
		{0E6035CC-C891-4C6F-8D96-D5F10E5B1872}.Debug|x64.Build.0 = Debug|x64
		{0E6035CC-C891-4C6F-8D96-D5F10E5B1872}.Debug|x64.Deploy.0 = Debug|x64
		{0E6035CC-C891-4C6F-8D96-D5F10E5B1872}.Debug|x86.ActiveCfg = Debug|x86
		{0E6035CC-C891-4C6F-8D96-D5F10E5B1872}.Debug|x86.Build.0 = Debug|x86
		{0E6035CC-C891-4C6F-8D96-D5F10E5B1872}.Debug|x86.Deploy.0 = Debug|x86
		{0E6035CC-C891-4C6F-8D96-D5F10E5B1872}.Release|Any CPU.ActiveCfg = Release|x86
		{0E6035CC-C891-4C6F-8D96-D5F10E5B1872}.Release|ARM.ActiveCfg = Release|ARM
		{0E6035CC-C891-4C6F-8D96-D5F10E5B1872}.Release|ARM.Build.0 = Release|ARM
		{0E6035CC-C891-4C6F-8D96-D5F10E5B1872}.Release|ARM.Deploy.0 = Release|ARM
		{0E6035CC-C891-4C6F-8D96-D5F10E5B1872}.Release|iPhone.ActiveCfg = Release|x86
		{0E6035CC-C891-4C6F-8D96-D5F10E5B1872}.Release|iPhoneSimulator.ActiveCfg = Release|x86
		{0E6035CC-C891-4C6F-8D96-D5F10E5B1872}.Release|x64.ActiveCfg = Release|x64
		{0E6035CC-C891-4C6F-8D96-D5F10E5B1872}.Release|x64.Build.0 = Release|x64
		{0E6035CC-C891-4C6F-8D96-D5F10E5B1872}.Release|x64.Deploy.0 = Release|x64
		{0E6035CC-C891-4C6F-8D96-D5F10E5B1872}.Release|x86.ActiveCfg = Release|x86
		{0E6035CC-C891-4C6F-8D96-D5F10E5B1872}.Release|x86.Build.0 = Release|x86
		{0E6035CC-C891-4C6F-8D96-D5F10E5B1872}.Release|x86.Deploy.0 = Release|x86
		{43517C71-9DA4-4D33-85BC-6CAE7622C9FE}.Ad-Hoc|Any CPU.ActiveCfg = Release|Any CPU
		{43517C71-9DA4-4D33-85BC-6CAE7622C9FE}.Ad-Hoc|Any CPU.Build.0 = Release|Any CPU
		{43517C71-9DA4-4D33-85BC-6CAE7622C9FE}.Ad-Hoc|Any CPU.Deploy.0 = Release|Any CPU
		{43517C71-9DA4-4D33-85BC-6CAE7622C9FE}.Ad-Hoc|ARM.ActiveCfg = Release|ARM
		{43517C71-9DA4-4D33-85BC-6CAE7622C9FE}.Ad-Hoc|ARM.Build.0 = Release|ARM
		{43517C71-9DA4-4D33-85BC-6CAE7622C9FE}.Ad-Hoc|ARM.Deploy.0 = Release|ARM
		{43517C71-9DA4-4D33-85BC-6CAE7622C9FE}.Ad-Hoc|iPhone.ActiveCfg = Release|Any CPU
		{43517C71-9DA4-4D33-85BC-6CAE7622C9FE}.Ad-Hoc|iPhone.Build.0 = Release|Any CPU
		{43517C71-9DA4-4D33-85BC-6CAE7622C9FE}.Ad-Hoc|iPhone.Deploy.0 = Release|Any CPU
		{43517C71-9DA4-4D33-85BC-6CAE7622C9FE}.Ad-Hoc|iPhoneSimulator.ActiveCfg = Release|Any CPU
		{43517C71-9DA4-4D33-85BC-6CAE7622C9FE}.Ad-Hoc|iPhoneSimulator.Build.0 = Release|Any CPU
		{43517C71-9DA4-4D33-85BC-6CAE7622C9FE}.Ad-Hoc|iPhoneSimulator.Deploy.0 = Release|Any CPU
		{43517C71-9DA4-4D33-85BC-6CAE7622C9FE}.Ad-Hoc|x64.ActiveCfg = Release|x64
		{43517C71-9DA4-4D33-85BC-6CAE7622C9FE}.Ad-Hoc|x64.Build.0 = Release|x64
		{43517C71-9DA4-4D33-85BC-6CAE7622C9FE}.Ad-Hoc|x64.Deploy.0 = Release|x64
		{43517C71-9DA4-4D33-85BC-6CAE7622C9FE}.Ad-Hoc|x86.ActiveCfg = Release|x86
		{43517C71-9DA4-4D33-85BC-6CAE7622C9FE}.Ad-Hoc|x86.Build.0 = Release|x86
		{43517C71-9DA4-4D33-85BC-6CAE7622C9FE}.Ad-Hoc|x86.Deploy.0 = Release|x86
		{43517C71-9DA4-4D33-85BC-6CAE7622C9FE}.AppStore|Any CPU.ActiveCfg = Release|Any CPU
		{43517C71-9DA4-4D33-85BC-6CAE7622C9FE}.AppStore|Any CPU.Build.0 = Release|Any CPU
		{43517C71-9DA4-4D33-85BC-6CAE7622C9FE}.AppStore|Any CPU.Deploy.0 = Release|Any CPU
		{43517C71-9DA4-4D33-85BC-6CAE7622C9FE}.AppStore|ARM.ActiveCfg = Release|ARM
		{43517C71-9DA4-4D33-85BC-6CAE7622C9FE}.AppStore|ARM.Build.0 = Release|ARM
		{43517C71-9DA4-4D33-85BC-6CAE7622C9FE}.AppStore|ARM.Deploy.0 = Release|ARM
		{43517C71-9DA4-4D33-85BC-6CAE7622C9FE}.AppStore|iPhone.ActiveCfg = Release|Any CPU
		{43517C71-9DA4-4D33-85BC-6CAE7622C9FE}.AppStore|iPhone.Build.0 = Release|Any CPU
		{43517C71-9DA4-4D33-85BC-6CAE7622C9FE}.AppStore|iPhone.Deploy.0 = Release|Any CPU
		{43517C71-9DA4-4D33-85BC-6CAE7622C9FE}.AppStore|iPhoneSimulator.ActiveCfg = Release|Any CPU
		{43517C71-9DA4-4D33-85BC-6CAE7622C9FE}.AppStore|iPhoneSimulator.Build.0 = Release|Any CPU
		{43517C71-9DA4-4D33-85BC-6CAE7622C9FE}.AppStore|iPhoneSimulator.Deploy.0 = Release|Any CPU
		{43517C71-9DA4-4D33-85BC-6CAE7622C9FE}.AppStore|x64.ActiveCfg = Release|x64
		{43517C71-9DA4-4D33-85BC-6CAE7622C9FE}.AppStore|x64.Build.0 = Release|x64
		{43517C71-9DA4-4D33-85BC-6CAE7622C9FE}.AppStore|x64.Deploy.0 = Release|x64
		{43517C71-9DA4-4D33-85BC-6CAE7622C9FE}.AppStore|x86.ActiveCfg = Release|x86
		{43517C71-9DA4-4D33-85BC-6CAE7622C9FE}.AppStore|x86.Build.0 = Release|x86
		{43517C71-9DA4-4D33-85BC-6CAE7622C9FE}.AppStore|x86.Deploy.0 = Release|x86
		{43517C71-9DA4-4D33-85BC-6CAE7622C9FE}.Debug|Any CPU.ActiveCfg = Debug|Any CPU
		{43517C71-9DA4-4D33-85BC-6CAE7622C9FE}.Debug|Any CPU.Build.0 = Debug|Any CPU
		{43517C71-9DA4-4D33-85BC-6CAE7622C9FE}.Debug|Any CPU.Deploy.0 = Debug|Any CPU
		{43517C71-9DA4-4D33-85BC-6CAE7622C9FE}.Debug|ARM.ActiveCfg = Debug|ARM
		{43517C71-9DA4-4D33-85BC-6CAE7622C9FE}.Debug|ARM.Build.0 = Debug|ARM
		{43517C71-9DA4-4D33-85BC-6CAE7622C9FE}.Debug|ARM.Deploy.0 = Debug|ARM
		{43517C71-9DA4-4D33-85BC-6CAE7622C9FE}.Debug|iPhone.ActiveCfg = Debug|Any CPU
		{43517C71-9DA4-4D33-85BC-6CAE7622C9FE}.Debug|iPhone.Build.0 = Debug|Any CPU
		{43517C71-9DA4-4D33-85BC-6CAE7622C9FE}.Debug|iPhone.Deploy.0 = Debug|Any CPU
		{43517C71-9DA4-4D33-85BC-6CAE7622C9FE}.Debug|iPhoneSimulator.ActiveCfg = Debug|Any CPU
		{43517C71-9DA4-4D33-85BC-6CAE7622C9FE}.Debug|iPhoneSimulator.Build.0 = Debug|Any CPU
		{43517C71-9DA4-4D33-85BC-6CAE7622C9FE}.Debug|iPhoneSimulator.Deploy.0 = Debug|Any CPU
		{43517C71-9DA4-4D33-85BC-6CAE7622C9FE}.Debug|x64.ActiveCfg = Debug|x64
		{43517C71-9DA4-4D33-85BC-6CAE7622C9FE}.Debug|x64.Build.0 = Debug|x64
		{43517C71-9DA4-4D33-85BC-6CAE7622C9FE}.Debug|x64.Deploy.0 = Debug|x64
		{43517C71-9DA4-4D33-85BC-6CAE7622C9FE}.Debug|x86.ActiveCfg = Debug|x86
		{43517C71-9DA4-4D33-85BC-6CAE7622C9FE}.Debug|x86.Build.0 = Debug|x86
		{43517C71-9DA4-4D33-85BC-6CAE7622C9FE}.Debug|x86.Deploy.0 = Debug|x86
		{43517C71-9DA4-4D33-85BC-6CAE7622C9FE}.Release|Any CPU.ActiveCfg = Release|Any CPU
		{43517C71-9DA4-4D33-85BC-6CAE7622C9FE}.Release|Any CPU.Build.0 = Release|Any CPU
		{43517C71-9DA4-4D33-85BC-6CAE7622C9FE}.Release|Any CPU.Deploy.0 = Release|Any CPU
		{43517C71-9DA4-4D33-85BC-6CAE7622C9FE}.Release|ARM.ActiveCfg = Release|ARM
		{43517C71-9DA4-4D33-85BC-6CAE7622C9FE}.Release|ARM.Build.0 = Release|ARM
		{43517C71-9DA4-4D33-85BC-6CAE7622C9FE}.Release|ARM.Deploy.0 = Release|ARM
		{43517C71-9DA4-4D33-85BC-6CAE7622C9FE}.Release|iPhone.ActiveCfg = Release|Any CPU
		{43517C71-9DA4-4D33-85BC-6CAE7622C9FE}.Release|iPhone.Build.0 = Release|Any CPU
		{43517C71-9DA4-4D33-85BC-6CAE7622C9FE}.Release|iPhone.Deploy.0 = Release|Any CPU
		{43517C71-9DA4-4D33-85BC-6CAE7622C9FE}.Release|iPhoneSimulator.ActiveCfg = Release|Any CPU
		{43517C71-9DA4-4D33-85BC-6CAE7622C9FE}.Release|iPhoneSimulator.Build.0 = Release|Any CPU
		{43517C71-9DA4-4D33-85BC-6CAE7622C9FE}.Release|iPhoneSimulator.Deploy.0 = Release|Any CPU
		{43517C71-9DA4-4D33-85BC-6CAE7622C9FE}.Release|x64.ActiveCfg = Release|x64
		{43517C71-9DA4-4D33-85BC-6CAE7622C9FE}.Release|x64.Build.0 = Release|x64
		{43517C71-9DA4-4D33-85BC-6CAE7622C9FE}.Release|x64.Deploy.0 = Release|x64
		{43517C71-9DA4-4D33-85BC-6CAE7622C9FE}.Release|x86.ActiveCfg = Release|x86
		{43517C71-9DA4-4D33-85BC-6CAE7622C9FE}.Release|x86.Build.0 = Release|x86
		{43517C71-9DA4-4D33-85BC-6CAE7622C9FE}.Release|x86.Deploy.0 = Release|x86
		{0730D5A4-A259-4E62-B6F8-777704D382B1}.Ad-Hoc|Any CPU.ActiveCfg = Release|Any CPU
		{0730D5A4-A259-4E62-B6F8-777704D382B1}.Ad-Hoc|Any CPU.Build.0 = Release|Any CPU
		{0730D5A4-A259-4E62-B6F8-777704D382B1}.Ad-Hoc|Any CPU.Deploy.0 = Release|Any CPU
		{0730D5A4-A259-4E62-B6F8-777704D382B1}.Ad-Hoc|ARM.ActiveCfg = Release|ARM
		{0730D5A4-A259-4E62-B6F8-777704D382B1}.Ad-Hoc|ARM.Build.0 = Release|ARM
		{0730D5A4-A259-4E62-B6F8-777704D382B1}.Ad-Hoc|ARM.Deploy.0 = Release|ARM
		{0730D5A4-A259-4E62-B6F8-777704D382B1}.Ad-Hoc|iPhone.ActiveCfg = Release|Any CPU
		{0730D5A4-A259-4E62-B6F8-777704D382B1}.Ad-Hoc|iPhone.Build.0 = Release|Any CPU
		{0730D5A4-A259-4E62-B6F8-777704D382B1}.Ad-Hoc|iPhone.Deploy.0 = Release|Any CPU
		{0730D5A4-A259-4E62-B6F8-777704D382B1}.Ad-Hoc|iPhoneSimulator.ActiveCfg = Release|Any CPU
		{0730D5A4-A259-4E62-B6F8-777704D382B1}.Ad-Hoc|iPhoneSimulator.Build.0 = Release|Any CPU
		{0730D5A4-A259-4E62-B6F8-777704D382B1}.Ad-Hoc|iPhoneSimulator.Deploy.0 = Release|Any CPU
		{0730D5A4-A259-4E62-B6F8-777704D382B1}.Ad-Hoc|x64.ActiveCfg = Release|Any CPU
		{0730D5A4-A259-4E62-B6F8-777704D382B1}.Ad-Hoc|x64.Build.0 = Release|Any CPU
		{0730D5A4-A259-4E62-B6F8-777704D382B1}.Ad-Hoc|x64.Deploy.0 = Release|Any CPU
		{0730D5A4-A259-4E62-B6F8-777704D382B1}.Ad-Hoc|x86.ActiveCfg = Release|x86
		{0730D5A4-A259-4E62-B6F8-777704D382B1}.Ad-Hoc|x86.Build.0 = Release|x86
		{0730D5A4-A259-4E62-B6F8-777704D382B1}.Ad-Hoc|x86.Deploy.0 = Release|x86
		{0730D5A4-A259-4E62-B6F8-777704D382B1}.AppStore|Any CPU.ActiveCfg = Release|Any CPU
		{0730D5A4-A259-4E62-B6F8-777704D382B1}.AppStore|Any CPU.Build.0 = Release|Any CPU
		{0730D5A4-A259-4E62-B6F8-777704D382B1}.AppStore|Any CPU.Deploy.0 = Release|Any CPU
		{0730D5A4-A259-4E62-B6F8-777704D382B1}.AppStore|ARM.ActiveCfg = Release|ARM
		{0730D5A4-A259-4E62-B6F8-777704D382B1}.AppStore|ARM.Build.0 = Release|ARM
		{0730D5A4-A259-4E62-B6F8-777704D382B1}.AppStore|ARM.Deploy.0 = Release|ARM
		{0730D5A4-A259-4E62-B6F8-777704D382B1}.AppStore|iPhone.ActiveCfg = Release|Any CPU
		{0730D5A4-A259-4E62-B6F8-777704D382B1}.AppStore|iPhone.Build.0 = Release|Any CPU
		{0730D5A4-A259-4E62-B6F8-777704D382B1}.AppStore|iPhone.Deploy.0 = Release|Any CPU
		{0730D5A4-A259-4E62-B6F8-777704D382B1}.AppStore|iPhoneSimulator.ActiveCfg = Release|Any CPU
		{0730D5A4-A259-4E62-B6F8-777704D382B1}.AppStore|iPhoneSimulator.Build.0 = Release|Any CPU
		{0730D5A4-A259-4E62-B6F8-777704D382B1}.AppStore|iPhoneSimulator.Deploy.0 = Release|Any CPU
		{0730D5A4-A259-4E62-B6F8-777704D382B1}.AppStore|x64.ActiveCfg = Release|Any CPU
		{0730D5A4-A259-4E62-B6F8-777704D382B1}.AppStore|x64.Build.0 = Release|Any CPU
		{0730D5A4-A259-4E62-B6F8-777704D382B1}.AppStore|x64.Deploy.0 = Release|Any CPU
		{0730D5A4-A259-4E62-B6F8-777704D382B1}.AppStore|x86.ActiveCfg = Release|x86
		{0730D5A4-A259-4E62-B6F8-777704D382B1}.AppStore|x86.Build.0 = Release|x86
		{0730D5A4-A259-4E62-B6F8-777704D382B1}.AppStore|x86.Deploy.0 = Release|x86
		{0730D5A4-A259-4E62-B6F8-777704D382B1}.Debug|Any CPU.ActiveCfg = Debug|Any CPU
		{0730D5A4-A259-4E62-B6F8-777704D382B1}.Debug|Any CPU.Build.0 = Debug|Any CPU
		{0730D5A4-A259-4E62-B6F8-777704D382B1}.Debug|Any CPU.Deploy.0 = Debug|Any CPU
		{0730D5A4-A259-4E62-B6F8-777704D382B1}.Debug|ARM.ActiveCfg = Debug|ARM
		{0730D5A4-A259-4E62-B6F8-777704D382B1}.Debug|ARM.Build.0 = Debug|ARM
		{0730D5A4-A259-4E62-B6F8-777704D382B1}.Debug|ARM.Deploy.0 = Debug|ARM
		{0730D5A4-A259-4E62-B6F8-777704D382B1}.Debug|iPhone.ActiveCfg = Debug|Any CPU
		{0730D5A4-A259-4E62-B6F8-777704D382B1}.Debug|iPhone.Build.0 = Debug|Any CPU
		{0730D5A4-A259-4E62-B6F8-777704D382B1}.Debug|iPhone.Deploy.0 = Debug|Any CPU
		{0730D5A4-A259-4E62-B6F8-777704D382B1}.Debug|iPhoneSimulator.ActiveCfg = Debug|Any CPU
		{0730D5A4-A259-4E62-B6F8-777704D382B1}.Debug|iPhoneSimulator.Build.0 = Debug|Any CPU
		{0730D5A4-A259-4E62-B6F8-777704D382B1}.Debug|iPhoneSimulator.Deploy.0 = Debug|Any CPU
		{0730D5A4-A259-4E62-B6F8-777704D382B1}.Debug|x64.ActiveCfg = Debug|Any CPU
		{0730D5A4-A259-4E62-B6F8-777704D382B1}.Debug|x64.Build.0 = Debug|Any CPU
		{0730D5A4-A259-4E62-B6F8-777704D382B1}.Debug|x64.Deploy.0 = Debug|Any CPU
		{0730D5A4-A259-4E62-B6F8-777704D382B1}.Debug|x86.ActiveCfg = Debug|x86
		{0730D5A4-A259-4E62-B6F8-777704D382B1}.Debug|x86.Build.0 = Debug|x86
		{0730D5A4-A259-4E62-B6F8-777704D382B1}.Debug|x86.Deploy.0 = Debug|x86
		{0730D5A4-A259-4E62-B6F8-777704D382B1}.Release|Any CPU.ActiveCfg = Release|Any CPU
		{0730D5A4-A259-4E62-B6F8-777704D382B1}.Release|Any CPU.Build.0 = Release|Any CPU
		{0730D5A4-A259-4E62-B6F8-777704D382B1}.Release|Any CPU.Deploy.0 = Release|Any CPU
		{0730D5A4-A259-4E62-B6F8-777704D382B1}.Release|ARM.ActiveCfg = Release|ARM
		{0730D5A4-A259-4E62-B6F8-777704D382B1}.Release|ARM.Build.0 = Release|ARM
		{0730D5A4-A259-4E62-B6F8-777704D382B1}.Release|ARM.Deploy.0 = Release|ARM
		{0730D5A4-A259-4E62-B6F8-777704D382B1}.Release|iPhone.ActiveCfg = Release|Any CPU
		{0730D5A4-A259-4E62-B6F8-777704D382B1}.Release|iPhone.Build.0 = Release|Any CPU
		{0730D5A4-A259-4E62-B6F8-777704D382B1}.Release|iPhone.Deploy.0 = Release|Any CPU
		{0730D5A4-A259-4E62-B6F8-777704D382B1}.Release|iPhoneSimulator.ActiveCfg = Release|Any CPU
		{0730D5A4-A259-4E62-B6F8-777704D382B1}.Release|iPhoneSimulator.Build.0 = Release|Any CPU
		{0730D5A4-A259-4E62-B6F8-777704D382B1}.Release|iPhoneSimulator.Deploy.0 = Release|Any CPU
		{0730D5A4-A259-4E62-B6F8-777704D382B1}.Release|x64.ActiveCfg = Release|Any CPU
		{0730D5A4-A259-4E62-B6F8-777704D382B1}.Release|x64.Build.0 = Release|Any CPU
		{0730D5A4-A259-4E62-B6F8-777704D382B1}.Release|x64.Deploy.0 = Release|Any CPU
		{0730D5A4-A259-4E62-B6F8-777704D382B1}.Release|x86.ActiveCfg = Release|x86
		{0730D5A4-A259-4E62-B6F8-777704D382B1}.Release|x86.Build.0 = Release|x86
		{0730D5A4-A259-4E62-B6F8-777704D382B1}.Release|x86.Deploy.0 = Release|x86
	EndGlobalSection
	GlobalSection(SolutionProperties) = preSolution
		HideSolutionNode = FALSE
	EndGlobalSection
EndGlobal
