
Microsoft Visual Studio Solution File, Format Version 12.00
# Visual Studio 14
VisualStudioVersion = 14.0.24720.0
MinimumVisualStudioVersion = 10.0.40219.1
Project("{FAE04EC0-301F-11D3-BF4B-00C04F79EFBC}") = "BI_Magnetometer", "BI_Magnetometer\BI_Magnetometer\BI_Magnetometer.csproj", "{A027475A-988E-4F5E-AA5A-20F47051566F}"
EndProject
Project("{FAE04EC0-301F-11D3-BF4B-00C04F79EFBC}") = "BI_Magnetometer.Droid", "BI_Magnetometer\BI_Magnetometer.Droid\BI_Magnetometer.Droid.csproj", "{8AFE2452-9CA9-4E24-8FB8-66687781EB41}"
EndProject
Project("{FAE04EC0-301F-11D3-BF4B-00C04F79EFBC}") = "BI_Magnetometer.iOS", "BI_Magnetometer\BI_Magnetometer.iOS\BI_Magnetometer.iOS.csproj", "{EEFBE15B-10C4-42A1-92CC-D2784EA987FD}"
EndProject
Project("{FAE04EC0-301F-11D3-BF4B-00C04F79EFBC}") = "BI_Magnetometer.UWP", "BI_Magnetometer\BI_Magnetometer.UWP\BI_Magnetometer.UWP.csproj", "{F4E19ADB-ADA5-4EF0-9A19-F2E753058C89}"
EndProject
Project("{FAE04EC0-301F-11D3-BF4B-00C04F79EFBC}") = "BI_Magnetometer.Windows", "BI_Magnetometer\BI_Magnetometer.Windows\BI_Magnetometer.Windows.csproj", "{D4789CC5-F868-4308-96B5-87070D2AB5FF}"
EndProject
Project("{FAE04EC0-301F-11D3-BF4B-00C04F79EFBC}") = "BI_Magnetometer.WinPhone", "BI_Magnetometer\BI_Magnetometer.WinPhone\BI_Magnetometer.WinPhone.csproj", "{4E3F1DEC-C65A-41DF-84B6-05C9FB5BBDAE}"
EndProject
Global
	GlobalSection(SolutionConfigurationPlatforms) = preSolution
		Ad-Hoc|Any CPU = Ad-Hoc|Any CPU
		Ad-Hoc|ARM = Ad-Hoc|ARM
		Ad-Hoc|iPhone = Ad-Hoc|iPhone
		Ad-Hoc|iPhoneSimulator = Ad-Hoc|iPhoneSimulator
		Ad-Hoc|x64 = Ad-Hoc|x64
		Ad-Hoc|x86 = Ad-Hoc|x86
		AppStore|Any CPU = AppStore|Any CPU
		AppStore|ARM = AppStore|ARM
		AppStore|iPhone = AppStore|iPhone
		AppStore|iPhoneSimulator = AppStore|iPhoneSimulator
		AppStore|x64 = AppStore|x64
		AppStore|x86 = AppStore|x86
		Debug|Any CPU = Debug|Any CPU
		Debug|ARM = Debug|ARM
		Debug|iPhone = Debug|iPhone
		Debug|iPhoneSimulator = Debug|iPhoneSimulator
		Debug|x64 = Debug|x64
		Debug|x86 = Debug|x86
		Release|Any CPU = Release|Any CPU
		Release|ARM = Release|ARM
		Release|iPhone = Release|iPhone
		Release|iPhoneSimulator = Release|iPhoneSimulator
		Release|x64 = Release|x64
		Release|x86 = Release|x86
	EndGlobalSection
	GlobalSection(ProjectConfigurationPlatforms) = postSolution
		{A027475A-988E-4F5E-AA5A-20F47051566F}.Ad-Hoc|Any CPU.ActiveCfg = Release|Any CPU
		{A027475A-988E-4F5E-AA5A-20F47051566F}.Ad-Hoc|Any CPU.Build.0 = Release|Any CPU
		{A027475A-988E-4F5E-AA5A-20F47051566F}.Ad-Hoc|ARM.ActiveCfg = Release|Any CPU
		{A027475A-988E-4F5E-AA5A-20F47051566F}.Ad-Hoc|ARM.Build.0 = Release|Any CPU
		{A027475A-988E-4F5E-AA5A-20F47051566F}.Ad-Hoc|iPhone.ActiveCfg = Release|Any CPU
		{A027475A-988E-4F5E-AA5A-20F47051566F}.Ad-Hoc|iPhone.Build.0 = Release|Any CPU
		{A027475A-988E-4F5E-AA5A-20F47051566F}.Ad-Hoc|iPhoneSimulator.ActiveCfg = Release|Any CPU
		{A027475A-988E-4F5E-AA5A-20F47051566F}.Ad-Hoc|iPhoneSimulator.Build.0 = Release|Any CPU
		{A027475A-988E-4F5E-AA5A-20F47051566F}.Ad-Hoc|x64.ActiveCfg = Release|Any CPU
		{A027475A-988E-4F5E-AA5A-20F47051566F}.Ad-Hoc|x64.Build.0 = Release|Any CPU
		{A027475A-988E-4F5E-AA5A-20F47051566F}.Ad-Hoc|x86.ActiveCfg = Release|Any CPU
		{A027475A-988E-4F5E-AA5A-20F47051566F}.Ad-Hoc|x86.Build.0 = Release|Any CPU
		{A027475A-988E-4F5E-AA5A-20F47051566F}.AppStore|Any CPU.ActiveCfg = Release|Any CPU
		{A027475A-988E-4F5E-AA5A-20F47051566F}.AppStore|Any CPU.Build.0 = Release|Any CPU
		{A027475A-988E-4F5E-AA5A-20F47051566F}.AppStore|ARM.ActiveCfg = Release|Any CPU
		{A027475A-988E-4F5E-AA5A-20F47051566F}.AppStore|ARM.Build.0 = Release|Any CPU
		{A027475A-988E-4F5E-AA5A-20F47051566F}.AppStore|iPhone.ActiveCfg = Release|Any CPU
		{A027475A-988E-4F5E-AA5A-20F47051566F}.AppStore|iPhone.Build.0 = Release|Any CPU
		{A027475A-988E-4F5E-AA5A-20F47051566F}.AppStore|iPhoneSimulator.ActiveCfg = Release|Any CPU
		{A027475A-988E-4F5E-AA5A-20F47051566F}.AppStore|iPhoneSimulator.Build.0 = Release|Any CPU
		{A027475A-988E-4F5E-AA5A-20F47051566F}.AppStore|x64.ActiveCfg = Release|Any CPU
		{A027475A-988E-4F5E-AA5A-20F47051566F}.AppStore|x64.Build.0 = Release|Any CPU
		{A027475A-988E-4F5E-AA5A-20F47051566F}.AppStore|x86.ActiveCfg = Release|Any CPU
		{A027475A-988E-4F5E-AA5A-20F47051566F}.AppStore|x86.Build.0 = Release|Any CPU
		{A027475A-988E-4F5E-AA5A-20F47051566F}.Debug|Any CPU.ActiveCfg = Debug|Any CPU
		{A027475A-988E-4F5E-AA5A-20F47051566F}.Debug|Any CPU.Build.0 = Debug|Any CPU
		{A027475A-988E-4F5E-AA5A-20F47051566F}.Debug|ARM.ActiveCfg = Debug|Any CPU
		{A027475A-988E-4F5E-AA5A-20F47051566F}.Debug|ARM.Build.0 = Debug|Any CPU
		{A027475A-988E-4F5E-AA5A-20F47051566F}.Debug|iPhone.ActiveCfg = Debug|Any CPU
		{A027475A-988E-4F5E-AA5A-20F47051566F}.Debug|iPhone.Build.0 = Debug|Any CPU
		{A027475A-988E-4F5E-AA5A-20F47051566F}.Debug|iPhoneSimulator.ActiveCfg = Debug|Any CPU
		{A027475A-988E-4F5E-AA5A-20F47051566F}.Debug|iPhoneSimulator.Build.0 = Debug|Any CPU
		{A027475A-988E-4F5E-AA5A-20F47051566F}.Debug|x64.ActiveCfg = Debug|Any CPU
		{A027475A-988E-4F5E-AA5A-20F47051566F}.Debug|x64.Build.0 = Debug|Any CPU
		{A027475A-988E-4F5E-AA5A-20F47051566F}.Debug|x86.ActiveCfg = Debug|Any CPU
		{A027475A-988E-4F5E-AA5A-20F47051566F}.Debug|x86.Build.0 = Debug|Any CPU
		{A027475A-988E-4F5E-AA5A-20F47051566F}.Release|Any CPU.ActiveCfg = Release|Any CPU
		{A027475A-988E-4F5E-AA5A-20F47051566F}.Release|Any CPU.Build.0 = Release|Any CPU
		{A027475A-988E-4F5E-AA5A-20F47051566F}.Release|ARM.ActiveCfg = Release|Any CPU
		{A027475A-988E-4F5E-AA5A-20F47051566F}.Release|ARM.Build.0 = Release|Any CPU
		{A027475A-988E-4F5E-AA5A-20F47051566F}.Release|iPhone.ActiveCfg = Release|Any CPU
		{A027475A-988E-4F5E-AA5A-20F47051566F}.Release|iPhone.Build.0 = Release|Any CPU
		{A027475A-988E-4F5E-AA5A-20F47051566F}.Release|iPhoneSimulator.ActiveCfg = Release|Any CPU
		{A027475A-988E-4F5E-AA5A-20F47051566F}.Release|iPhoneSimulator.Build.0 = Release|Any CPU
		{A027475A-988E-4F5E-AA5A-20F47051566F}.Release|x64.ActiveCfg = Release|Any CPU
		{A027475A-988E-4F5E-AA5A-20F47051566F}.Release|x64.Build.0 = Release|Any CPU
		{A027475A-988E-4F5E-AA5A-20F47051566F}.Release|x86.ActiveCfg = Release|Any CPU
		{A027475A-988E-4F5E-AA5A-20F47051566F}.Release|x86.Build.0 = Release|Any CPU
		{8AFE2452-9CA9-4E24-8FB8-66687781EB41}.Ad-Hoc|Any CPU.ActiveCfg = Release|Any CPU
		{8AFE2452-9CA9-4E24-8FB8-66687781EB41}.Ad-Hoc|Any CPU.Build.0 = Release|Any CPU
		{8AFE2452-9CA9-4E24-8FB8-66687781EB41}.Ad-Hoc|Any CPU.Deploy.0 = Release|Any CPU
		{8AFE2452-9CA9-4E24-8FB8-66687781EB41}.Ad-Hoc|ARM.ActiveCfg = Release|Any CPU
		{8AFE2452-9CA9-4E24-8FB8-66687781EB41}.Ad-Hoc|ARM.Build.0 = Release|Any CPU
		{8AFE2452-9CA9-4E24-8FB8-66687781EB41}.Ad-Hoc|ARM.Deploy.0 = Release|Any CPU
		{8AFE2452-9CA9-4E24-8FB8-66687781EB41}.Ad-Hoc|iPhone.ActiveCfg = Release|Any CPU
		{8AFE2452-9CA9-4E24-8FB8-66687781EB41}.Ad-Hoc|iPhone.Build.0 = Release|Any CPU
		{8AFE2452-9CA9-4E24-8FB8-66687781EB41}.Ad-Hoc|iPhone.Deploy.0 = Release|Any CPU
		{8AFE2452-9CA9-4E24-8FB8-66687781EB41}.Ad-Hoc|iPhoneSimulator.ActiveCfg = Release|Any CPU
		{8AFE2452-9CA9-4E24-8FB8-66687781EB41}.Ad-Hoc|iPhoneSimulator.Build.0 = Release|Any CPU
		{8AFE2452-9CA9-4E24-8FB8-66687781EB41}.Ad-Hoc|iPhoneSimulator.Deploy.0 = Release|Any CPU
		{8AFE2452-9CA9-4E24-8FB8-66687781EB41}.Ad-Hoc|x64.ActiveCfg = Release|Any CPU
		{8AFE2452-9CA9-4E24-8FB8-66687781EB41}.Ad-Hoc|x64.Build.0 = Release|Any CPU
		{8AFE2452-9CA9-4E24-8FB8-66687781EB41}.Ad-Hoc|x64.Deploy.0 = Release|Any CPU
		{8AFE2452-9CA9-4E24-8FB8-66687781EB41}.Ad-Hoc|x86.ActiveCfg = Release|Any CPU
		{8AFE2452-9CA9-4E24-8FB8-66687781EB41}.Ad-Hoc|x86.Build.0 = Release|Any CPU
		{8AFE2452-9CA9-4E24-8FB8-66687781EB41}.Ad-Hoc|x86.Deploy.0 = Release|Any CPU
		{8AFE2452-9CA9-4E24-8FB8-66687781EB41}.AppStore|Any CPU.ActiveCfg = Release|Any CPU
		{8AFE2452-9CA9-4E24-8FB8-66687781EB41}.AppStore|Any CPU.Build.0 = Release|Any CPU
		{8AFE2452-9CA9-4E24-8FB8-66687781EB41}.AppStore|Any CPU.Deploy.0 = Release|Any CPU
		{8AFE2452-9CA9-4E24-8FB8-66687781EB41}.AppStore|ARM.ActiveCfg = Release|Any CPU
		{8AFE2452-9CA9-4E24-8FB8-66687781EB41}.AppStore|ARM.Build.0 = Release|Any CPU
		{8AFE2452-9CA9-4E24-8FB8-66687781EB41}.AppStore|ARM.Deploy.0 = Release|Any CPU
		{8AFE2452-9CA9-4E24-8FB8-66687781EB41}.AppStore|iPhone.ActiveCfg = Release|Any CPU
		{8AFE2452-9CA9-4E24-8FB8-66687781EB41}.AppStore|iPhone.Build.0 = Release|Any CPU
		{8AFE2452-9CA9-4E24-8FB8-66687781EB41}.AppStore|iPhone.Deploy.0 = Release|Any CPU
		{8AFE2452-9CA9-4E24-8FB8-66687781EB41}.AppStore|iPhoneSimulator.ActiveCfg = Release|Any CPU
		{8AFE2452-9CA9-4E24-8FB8-66687781EB41}.AppStore|iPhoneSimulator.Build.0 = Release|Any CPU
		{8AFE2452-9CA9-4E24-8FB8-66687781EB41}.AppStore|iPhoneSimulator.Deploy.0 = Release|Any CPU
		{8AFE2452-9CA9-4E24-8FB8-66687781EB41}.AppStore|x64.ActiveCfg = Release|Any CPU
		{8AFE2452-9CA9-4E24-8FB8-66687781EB41}.AppStore|x64.Build.0 = Release|Any CPU
		{8AFE2452-9CA9-4E24-8FB8-66687781EB41}.AppStore|x64.Deploy.0 = Release|Any CPU
		{8AFE2452-9CA9-4E24-8FB8-66687781EB41}.AppStore|x86.ActiveCfg = Release|Any CPU
		{8AFE2452-9CA9-4E24-8FB8-66687781EB41}.AppStore|x86.Build.0 = Release|Any CPU
		{8AFE2452-9CA9-4E24-8FB8-66687781EB41}.AppStore|x86.Deploy.0 = Release|Any CPU
		{8AFE2452-9CA9-4E24-8FB8-66687781EB41}.Debug|Any CPU.ActiveCfg = Debug|Any CPU
		{8AFE2452-9CA9-4E24-8FB8-66687781EB41}.Debug|Any CPU.Build.0 = Debug|Any CPU
		{8AFE2452-9CA9-4E24-8FB8-66687781EB41}.Debug|Any CPU.Deploy.0 = Debug|Any CPU
		{8AFE2452-9CA9-4E24-8FB8-66687781EB41}.Debug|ARM.ActiveCfg = Debug|Any CPU
		{8AFE2452-9CA9-4E24-8FB8-66687781EB41}.Debug|ARM.Build.0 = Debug|Any CPU
		{8AFE2452-9CA9-4E24-8FB8-66687781EB41}.Debug|ARM.Deploy.0 = Debug|Any CPU
		{8AFE2452-9CA9-4E24-8FB8-66687781EB41}.Debug|iPhone.ActiveCfg = Debug|Any CPU
		{8AFE2452-9CA9-4E24-8FB8-66687781EB41}.Debug|iPhone.Build.0 = Debug|Any CPU
		{8AFE2452-9CA9-4E24-8FB8-66687781EB41}.Debug|iPhone.Deploy.0 = Debug|Any CPU
		{8AFE2452-9CA9-4E24-8FB8-66687781EB41}.Debug|iPhoneSimulator.ActiveCfg = Debug|Any CPU
		{8AFE2452-9CA9-4E24-8FB8-66687781EB41}.Debug|iPhoneSimulator.Build.0 = Debug|Any CPU
		{8AFE2452-9CA9-4E24-8FB8-66687781EB41}.Debug|iPhoneSimulator.Deploy.0 = Debug|Any CPU
		{8AFE2452-9CA9-4E24-8FB8-66687781EB41}.Debug|x64.ActiveCfg = Debug|Any CPU
		{8AFE2452-9CA9-4E24-8FB8-66687781EB41}.Debug|x64.Build.0 = Debug|Any CPU
		{8AFE2452-9CA9-4E24-8FB8-66687781EB41}.Debug|x64.Deploy.0 = Debug|Any CPU
		{8AFE2452-9CA9-4E24-8FB8-66687781EB41}.Debug|x86.ActiveCfg = Debug|Any CPU
		{8AFE2452-9CA9-4E24-8FB8-66687781EB41}.Debug|x86.Build.0 = Debug|Any CPU
		{8AFE2452-9CA9-4E24-8FB8-66687781EB41}.Debug|x86.Deploy.0 = Debug|Any CPU
		{8AFE2452-9CA9-4E24-8FB8-66687781EB41}.Release|Any CPU.ActiveCfg = Release|Any CPU
		{8AFE2452-9CA9-4E24-8FB8-66687781EB41}.Release|Any CPU.Build.0 = Release|Any CPU
		{8AFE2452-9CA9-4E24-8FB8-66687781EB41}.Release|Any CPU.Deploy.0 = Release|Any CPU
		{8AFE2452-9CA9-4E24-8FB8-66687781EB41}.Release|ARM.ActiveCfg = Release|Any CPU
		{8AFE2452-9CA9-4E24-8FB8-66687781EB41}.Release|ARM.Build.0 = Release|Any CPU
		{8AFE2452-9CA9-4E24-8FB8-66687781EB41}.Release|ARM.Deploy.0 = Release|Any CPU
		{8AFE2452-9CA9-4E24-8FB8-66687781EB41}.Release|iPhone.ActiveCfg = Release|Any CPU
		{8AFE2452-9CA9-4E24-8FB8-66687781EB41}.Release|iPhone.Build.0 = Release|Any CPU
		{8AFE2452-9CA9-4E24-8FB8-66687781EB41}.Release|iPhone.Deploy.0 = Release|Any CPU
		{8AFE2452-9CA9-4E24-8FB8-66687781EB41}.Release|iPhoneSimulator.ActiveCfg = Release|Any CPU
		{8AFE2452-9CA9-4E24-8FB8-66687781EB41}.Release|iPhoneSimulator.Build.0 = Release|Any CPU
		{8AFE2452-9CA9-4E24-8FB8-66687781EB41}.Release|iPhoneSimulator.Deploy.0 = Release|Any CPU
		{8AFE2452-9CA9-4E24-8FB8-66687781EB41}.Release|x64.ActiveCfg = Release|Any CPU
		{8AFE2452-9CA9-4E24-8FB8-66687781EB41}.Release|x64.Build.0 = Release|Any CPU
		{8AFE2452-9CA9-4E24-8FB8-66687781EB41}.Release|x64.Deploy.0 = Release|Any CPU
		{8AFE2452-9CA9-4E24-8FB8-66687781EB41}.Release|x86.ActiveCfg = Release|Any CPU
		{8AFE2452-9CA9-4E24-8FB8-66687781EB41}.Release|x86.Build.0 = Release|Any CPU
		{8AFE2452-9CA9-4E24-8FB8-66687781EB41}.Release|x86.Deploy.0 = Release|Any CPU
		{EEFBE15B-10C4-42A1-92CC-D2784EA987FD}.Ad-Hoc|Any CPU.ActiveCfg = Ad-Hoc|iPhone
		{EEFBE15B-10C4-42A1-92CC-D2784EA987FD}.Ad-Hoc|ARM.ActiveCfg = Ad-Hoc|iPhone
		{EEFBE15B-10C4-42A1-92CC-D2784EA987FD}.Ad-Hoc|iPhone.ActiveCfg = Ad-Hoc|iPhone
		{EEFBE15B-10C4-42A1-92CC-D2784EA987FD}.Ad-Hoc|iPhone.Build.0 = Ad-Hoc|iPhone
		{EEFBE15B-10C4-42A1-92CC-D2784EA987FD}.Ad-Hoc|iPhoneSimulator.ActiveCfg = Ad-Hoc|iPhoneSimulator
		{EEFBE15B-10C4-42A1-92CC-D2784EA987FD}.Ad-Hoc|iPhoneSimulator.Build.0 = Ad-Hoc|iPhoneSimulator
		{EEFBE15B-10C4-42A1-92CC-D2784EA987FD}.Ad-Hoc|x64.ActiveCfg = Ad-Hoc|iPhone
		{EEFBE15B-10C4-42A1-92CC-D2784EA987FD}.Ad-Hoc|x86.ActiveCfg = Ad-Hoc|iPhone
		{EEFBE15B-10C4-42A1-92CC-D2784EA987FD}.AppStore|Any CPU.ActiveCfg = AppStore|iPhone
		{EEFBE15B-10C4-42A1-92CC-D2784EA987FD}.AppStore|ARM.ActiveCfg = AppStore|iPhone
		{EEFBE15B-10C4-42A1-92CC-D2784EA987FD}.AppStore|iPhone.ActiveCfg = AppStore|iPhone
		{EEFBE15B-10C4-42A1-92CC-D2784EA987FD}.AppStore|iPhone.Build.0 = AppStore|iPhone
		{EEFBE15B-10C4-42A1-92CC-D2784EA987FD}.AppStore|iPhoneSimulator.ActiveCfg = AppStore|iPhoneSimulator
		{EEFBE15B-10C4-42A1-92CC-D2784EA987FD}.AppStore|iPhoneSimulator.Build.0 = AppStore|iPhoneSimulator
		{EEFBE15B-10C4-42A1-92CC-D2784EA987FD}.AppStore|x64.ActiveCfg = AppStore|iPhone
		{EEFBE15B-10C4-42A1-92CC-D2784EA987FD}.AppStore|x86.ActiveCfg = AppStore|iPhone
		{EEFBE15B-10C4-42A1-92CC-D2784EA987FD}.Debug|Any CPU.ActiveCfg = Debug|iPhone
		{EEFBE15B-10C4-42A1-92CC-D2784EA987FD}.Debug|ARM.ActiveCfg = Debug|iPhone
		{EEFBE15B-10C4-42A1-92CC-D2784EA987FD}.Debug|iPhone.ActiveCfg = Debug|iPhone
		{EEFBE15B-10C4-42A1-92CC-D2784EA987FD}.Debug|iPhone.Build.0 = Debug|iPhone
		{EEFBE15B-10C4-42A1-92CC-D2784EA987FD}.Debug|iPhoneSimulator.ActiveCfg = Debug|iPhoneSimulator
		{EEFBE15B-10C4-42A1-92CC-D2784EA987FD}.Debug|iPhoneSimulator.Build.0 = Debug|iPhoneSimulator
		{EEFBE15B-10C4-42A1-92CC-D2784EA987FD}.Debug|x64.ActiveCfg = Debug|iPhone
		{EEFBE15B-10C4-42A1-92CC-D2784EA987FD}.Debug|x86.ActiveCfg = Debug|iPhone
		{EEFBE15B-10C4-42A1-92CC-D2784EA987FD}.Release|Any CPU.ActiveCfg = Release|iPhone
		{EEFBE15B-10C4-42A1-92CC-D2784EA987FD}.Release|ARM.ActiveCfg = Release|iPhone
		{EEFBE15B-10C4-42A1-92CC-D2784EA987FD}.Release|iPhone.ActiveCfg = Release|iPhone
		{EEFBE15B-10C4-42A1-92CC-D2784EA987FD}.Release|iPhone.Build.0 = Release|iPhone
		{EEFBE15B-10C4-42A1-92CC-D2784EA987FD}.Release|iPhoneSimulator.ActiveCfg = Release|iPhoneSimulator
		{EEFBE15B-10C4-42A1-92CC-D2784EA987FD}.Release|iPhoneSimulator.Build.0 = Release|iPhoneSimulator
		{EEFBE15B-10C4-42A1-92CC-D2784EA987FD}.Release|x64.ActiveCfg = Release|iPhone
		{EEFBE15B-10C4-42A1-92CC-D2784EA987FD}.Release|x86.ActiveCfg = Release|iPhone
		{F4E19ADB-ADA5-4EF0-9A19-F2E753058C89}.Ad-Hoc|Any CPU.ActiveCfg = Release|x86
		{F4E19ADB-ADA5-4EF0-9A19-F2E753058C89}.Ad-Hoc|Any CPU.Build.0 = Release|x86
		{F4E19ADB-ADA5-4EF0-9A19-F2E753058C89}.Ad-Hoc|Any CPU.Deploy.0 = Release|x86
		{F4E19ADB-ADA5-4EF0-9A19-F2E753058C89}.Ad-Hoc|ARM.ActiveCfg = Release|ARM
		{F4E19ADB-ADA5-4EF0-9A19-F2E753058C89}.Ad-Hoc|ARM.Build.0 = Release|ARM
		{F4E19ADB-ADA5-4EF0-9A19-F2E753058C89}.Ad-Hoc|ARM.Deploy.0 = Release|ARM
		{F4E19ADB-ADA5-4EF0-9A19-F2E753058C89}.Ad-Hoc|iPhone.ActiveCfg = Release|x86
		{F4E19ADB-ADA5-4EF0-9A19-F2E753058C89}.Ad-Hoc|iPhone.Build.0 = Release|x86
		{F4E19ADB-ADA5-4EF0-9A19-F2E753058C89}.Ad-Hoc|iPhone.Deploy.0 = Release|x86
		{F4E19ADB-ADA5-4EF0-9A19-F2E753058C89}.Ad-Hoc|iPhoneSimulator.ActiveCfg = Release|x86
		{F4E19ADB-ADA5-4EF0-9A19-F2E753058C89}.Ad-Hoc|iPhoneSimulator.Build.0 = Release|x86
		{F4E19ADB-ADA5-4EF0-9A19-F2E753058C89}.Ad-Hoc|iPhoneSimulator.Deploy.0 = Release|x86
		{F4E19ADB-ADA5-4EF0-9A19-F2E753058C89}.Ad-Hoc|x64.ActiveCfg = Release|x64
		{F4E19ADB-ADA5-4EF0-9A19-F2E753058C89}.Ad-Hoc|x64.Build.0 = Release|x64
		{F4E19ADB-ADA5-4EF0-9A19-F2E753058C89}.Ad-Hoc|x64.Deploy.0 = Release|x64
		{F4E19ADB-ADA5-4EF0-9A19-F2E753058C89}.Ad-Hoc|x86.ActiveCfg = Release|x86
		{F4E19ADB-ADA5-4EF0-9A19-F2E753058C89}.Ad-Hoc|x86.Build.0 = Release|x86
		{F4E19ADB-ADA5-4EF0-9A19-F2E753058C89}.Ad-Hoc|x86.Deploy.0 = Release|x86
		{F4E19ADB-ADA5-4EF0-9A19-F2E753058C89}.AppStore|Any CPU.ActiveCfg = Release|x86
		{F4E19ADB-ADA5-4EF0-9A19-F2E753058C89}.AppStore|Any CPU.Build.0 = Release|x86
		{F4E19ADB-ADA5-4EF0-9A19-F2E753058C89}.AppStore|Any CPU.Deploy.0 = Release|x86
		{F4E19ADB-ADA5-4EF0-9A19-F2E753058C89}.AppStore|ARM.ActiveCfg = Release|ARM
		{F4E19ADB-ADA5-4EF0-9A19-F2E753058C89}.AppStore|ARM.Build.0 = Release|ARM
		{F4E19ADB-ADA5-4EF0-9A19-F2E753058C89}.AppStore|ARM.Deploy.0 = Release|ARM
		{F4E19ADB-ADA5-4EF0-9A19-F2E753058C89}.AppStore|iPhone.ActiveCfg = Release|x86
		{F4E19ADB-ADA5-4EF0-9A19-F2E753058C89}.AppStore|iPhone.Build.0 = Release|x86
		{F4E19ADB-ADA5-4EF0-9A19-F2E753058C89}.AppStore|iPhone.Deploy.0 = Release|x86
		{F4E19ADB-ADA5-4EF0-9A19-F2E753058C89}.AppStore|iPhoneSimulator.ActiveCfg = Release|x86
		{F4E19ADB-ADA5-4EF0-9A19-F2E753058C89}.AppStore|iPhoneSimulator.Build.0 = Release|x86
		{F4E19ADB-ADA5-4EF0-9A19-F2E753058C89}.AppStore|iPhoneSimulator.Deploy.0 = Release|x86
		{F4E19ADB-ADA5-4EF0-9A19-F2E753058C89}.AppStore|x64.ActiveCfg = Release|x64
		{F4E19ADB-ADA5-4EF0-9A19-F2E753058C89}.AppStore|x64.Build.0 = Release|x64
		{F4E19ADB-ADA5-4EF0-9A19-F2E753058C89}.AppStore|x64.Deploy.0 = Release|x64
		{F4E19ADB-ADA5-4EF0-9A19-F2E753058C89}.AppStore|x86.ActiveCfg = Release|x86
		{F4E19ADB-ADA5-4EF0-9A19-F2E753058C89}.AppStore|x86.Build.0 = Release|x86
		{F4E19ADB-ADA5-4EF0-9A19-F2E753058C89}.AppStore|x86.Deploy.0 = Release|x86
		{F4E19ADB-ADA5-4EF0-9A19-F2E753058C89}.Debug|Any CPU.ActiveCfg = Debug|x86
		{F4E19ADB-ADA5-4EF0-9A19-F2E753058C89}.Debug|Any CPU.Build.0 = Debug|x86
		{F4E19ADB-ADA5-4EF0-9A19-F2E753058C89}.Debug|Any CPU.Deploy.0 = Debug|x86
		{F4E19ADB-ADA5-4EF0-9A19-F2E753058C89}.Debug|ARM.ActiveCfg = Debug|ARM
		{F4E19ADB-ADA5-4EF0-9A19-F2E753058C89}.Debug|ARM.Build.0 = Debug|ARM
		{F4E19ADB-ADA5-4EF0-9A19-F2E753058C89}.Debug|ARM.Deploy.0 = Debug|ARM
		{F4E19ADB-ADA5-4EF0-9A19-F2E753058C89}.Debug|iPhone.ActiveCfg = Debug|x86
		{F4E19ADB-ADA5-4EF0-9A19-F2E753058C89}.Debug|iPhoneSimulator.ActiveCfg = Debug|x86
		{F4E19ADB-ADA5-4EF0-9A19-F2E753058C89}.Debug|x64.ActiveCfg = Debug|x64
		{F4E19ADB-ADA5-4EF0-9A19-F2E753058C89}.Debug|x64.Build.0 = Debug|x64
		{F4E19ADB-ADA5-4EF0-9A19-F2E753058C89}.Debug|x64.Deploy.0 = Debug|x64
		{F4E19ADB-ADA5-4EF0-9A19-F2E753058C89}.Debug|x86.ActiveCfg = Debug|x86
		{F4E19ADB-ADA5-4EF0-9A19-F2E753058C89}.Debug|x86.Build.0 = Debug|x86
		{F4E19ADB-ADA5-4EF0-9A19-F2E753058C89}.Debug|x86.Deploy.0 = Debug|x86
		{F4E19ADB-ADA5-4EF0-9A19-F2E753058C89}.Release|Any CPU.ActiveCfg = Release|x86
		{F4E19ADB-ADA5-4EF0-9A19-F2E753058C89}.Release|ARM.ActiveCfg = Release|ARM
		{F4E19ADB-ADA5-4EF0-9A19-F2E753058C89}.Release|ARM.Build.0 = Release|ARM
		{F4E19ADB-ADA5-4EF0-9A19-F2E753058C89}.Release|ARM.Deploy.0 = Release|ARM
		{F4E19ADB-ADA5-4EF0-9A19-F2E753058C89}.Release|iPhone.ActiveCfg = Release|x86
		{F4E19ADB-ADA5-4EF0-9A19-F2E753058C89}.Release|iPhoneSimulator.ActiveCfg = Release|x86
		{F4E19ADB-ADA5-4EF0-9A19-F2E753058C89}.Release|x64.ActiveCfg = Release|x64
		{F4E19ADB-ADA5-4EF0-9A19-F2E753058C89}.Release|x64.Build.0 = Release|x64
		{F4E19ADB-ADA5-4EF0-9A19-F2E753058C89}.Release|x64.Deploy.0 = Release|x64
		{F4E19ADB-ADA5-4EF0-9A19-F2E753058C89}.Release|x86.ActiveCfg = Release|x86
		{F4E19ADB-ADA5-4EF0-9A19-F2E753058C89}.Release|x86.Build.0 = Release|x86
		{F4E19ADB-ADA5-4EF0-9A19-F2E753058C89}.Release|x86.Deploy.0 = Release|x86
		{D4789CC5-F868-4308-96B5-87070D2AB5FF}.Ad-Hoc|Any CPU.ActiveCfg = Release|Any CPU
		{D4789CC5-F868-4308-96B5-87070D2AB5FF}.Ad-Hoc|Any CPU.Build.0 = Release|Any CPU
		{D4789CC5-F868-4308-96B5-87070D2AB5FF}.Ad-Hoc|Any CPU.Deploy.0 = Release|Any CPU
		{D4789CC5-F868-4308-96B5-87070D2AB5FF}.Ad-Hoc|ARM.ActiveCfg = Release|ARM
		{D4789CC5-F868-4308-96B5-87070D2AB5FF}.Ad-Hoc|ARM.Build.0 = Release|ARM
		{D4789CC5-F868-4308-96B5-87070D2AB5FF}.Ad-Hoc|ARM.Deploy.0 = Release|ARM
		{D4789CC5-F868-4308-96B5-87070D2AB5FF}.Ad-Hoc|iPhone.ActiveCfg = Release|Any CPU
		{D4789CC5-F868-4308-96B5-87070D2AB5FF}.Ad-Hoc|iPhone.Build.0 = Release|Any CPU
		{D4789CC5-F868-4308-96B5-87070D2AB5FF}.Ad-Hoc|iPhone.Deploy.0 = Release|Any CPU
		{D4789CC5-F868-4308-96B5-87070D2AB5FF}.Ad-Hoc|iPhoneSimulator.ActiveCfg = Release|Any CPU
		{D4789CC5-F868-4308-96B5-87070D2AB5FF}.Ad-Hoc|iPhoneSimulator.Build.0 = Release|Any CPU
		{D4789CC5-F868-4308-96B5-87070D2AB5FF}.Ad-Hoc|iPhoneSimulator.Deploy.0 = Release|Any CPU
		{D4789CC5-F868-4308-96B5-87070D2AB5FF}.Ad-Hoc|x64.ActiveCfg = Release|x64
		{D4789CC5-F868-4308-96B5-87070D2AB5FF}.Ad-Hoc|x64.Build.0 = Release|x64
		{D4789CC5-F868-4308-96B5-87070D2AB5FF}.Ad-Hoc|x64.Deploy.0 = Release|x64
		{D4789CC5-F868-4308-96B5-87070D2AB5FF}.Ad-Hoc|x86.ActiveCfg = Release|x86
		{D4789CC5-F868-4308-96B5-87070D2AB5FF}.Ad-Hoc|x86.Build.0 = Release|x86
		{D4789CC5-F868-4308-96B5-87070D2AB5FF}.Ad-Hoc|x86.Deploy.0 = Release|x86
		{D4789CC5-F868-4308-96B5-87070D2AB5FF}.AppStore|Any CPU.ActiveCfg = Release|Any CPU
		{D4789CC5-F868-4308-96B5-87070D2AB5FF}.AppStore|Any CPU.Build.0 = Release|Any CPU
		{D4789CC5-F868-4308-96B5-87070D2AB5FF}.AppStore|Any CPU.Deploy.0 = Release|Any CPU
		{D4789CC5-F868-4308-96B5-87070D2AB5FF}.AppStore|ARM.ActiveCfg = Release|ARM
		{D4789CC5-F868-4308-96B5-87070D2AB5FF}.AppStore|ARM.Build.0 = Release|ARM
		{D4789CC5-F868-4308-96B5-87070D2AB5FF}.AppStore|ARM.Deploy.0 = Release|ARM
		{D4789CC5-F868-4308-96B5-87070D2AB5FF}.AppStore|iPhone.ActiveCfg = Release|Any CPU
		{D4789CC5-F868-4308-96B5-87070D2AB5FF}.AppStore|iPhone.Build.0 = Release|Any CPU
		{D4789CC5-F868-4308-96B5-87070D2AB5FF}.AppStore|iPhone.Deploy.0 = Release|Any CPU
		{D4789CC5-F868-4308-96B5-87070D2AB5FF}.AppStore|iPhoneSimulator.ActiveCfg = Release|Any CPU
		{D4789CC5-F868-4308-96B5-87070D2AB5FF}.AppStore|iPhoneSimulator.Build.0 = Release|Any CPU
		{D4789CC5-F868-4308-96B5-87070D2AB5FF}.AppStore|iPhoneSimulator.Deploy.0 = Release|Any CPU
		{D4789CC5-F868-4308-96B5-87070D2AB5FF}.AppStore|x64.ActiveCfg = Release|x64
		{D4789CC5-F868-4308-96B5-87070D2AB5FF}.AppStore|x64.Build.0 = Release|x64
		{D4789CC5-F868-4308-96B5-87070D2AB5FF}.AppStore|x64.Deploy.0 = Release|x64
		{D4789CC5-F868-4308-96B5-87070D2AB5FF}.AppStore|x86.ActiveCfg = Release|x86
		{D4789CC5-F868-4308-96B5-87070D2AB5FF}.AppStore|x86.Build.0 = Release|x86
		{D4789CC5-F868-4308-96B5-87070D2AB5FF}.AppStore|x86.Deploy.0 = Release|x86
		{D4789CC5-F868-4308-96B5-87070D2AB5FF}.Debug|Any CPU.ActiveCfg = Debug|Any CPU
		{D4789CC5-F868-4308-96B5-87070D2AB5FF}.Debug|Any CPU.Build.0 = Debug|Any CPU
		{D4789CC5-F868-4308-96B5-87070D2AB5FF}.Debug|Any CPU.Deploy.0 = Debug|Any CPU
		{D4789CC5-F868-4308-96B5-87070D2AB5FF}.Debug|ARM.ActiveCfg = Debug|ARM
		{D4789CC5-F868-4308-96B5-87070D2AB5FF}.Debug|ARM.Build.0 = Debug|ARM
		{D4789CC5-F868-4308-96B5-87070D2AB5FF}.Debug|ARM.Deploy.0 = Debug|ARM
		{D4789CC5-F868-4308-96B5-87070D2AB5FF}.Debug|iPhone.ActiveCfg = Debug|Any CPU
		{D4789CC5-F868-4308-96B5-87070D2AB5FF}.Debug|iPhone.Build.0 = Debug|Any CPU
		{D4789CC5-F868-4308-96B5-87070D2AB5FF}.Debug|iPhone.Deploy.0 = Debug|Any CPU
		{D4789CC5-F868-4308-96B5-87070D2AB5FF}.Debug|iPhoneSimulator.ActiveCfg = Debug|Any CPU
		{D4789CC5-F868-4308-96B5-87070D2AB5FF}.Debug|iPhoneSimulator.Build.0 = Debug|Any CPU
		{D4789CC5-F868-4308-96B5-87070D2AB5FF}.Debug|iPhoneSimulator.Deploy.0 = Debug|Any CPU
		{D4789CC5-F868-4308-96B5-87070D2AB5FF}.Debug|x64.ActiveCfg = Debug|x64
		{D4789CC5-F868-4308-96B5-87070D2AB5FF}.Debug|x64.Build.0 = Debug|x64
		{D4789CC5-F868-4308-96B5-87070D2AB5FF}.Debug|x64.Deploy.0 = Debug|x64
		{D4789CC5-F868-4308-96B5-87070D2AB5FF}.Debug|x86.ActiveCfg = Debug|x86
		{D4789CC5-F868-4308-96B5-87070D2AB5FF}.Debug|x86.Build.0 = Debug|x86
		{D4789CC5-F868-4308-96B5-87070D2AB5FF}.Debug|x86.Deploy.0 = Debug|x86
		{D4789CC5-F868-4308-96B5-87070D2AB5FF}.Release|Any CPU.ActiveCfg = Release|Any CPU
		{D4789CC5-F868-4308-96B5-87070D2AB5FF}.Release|Any CPU.Build.0 = Release|Any CPU
		{D4789CC5-F868-4308-96B5-87070D2AB5FF}.Release|Any CPU.Deploy.0 = Release|Any CPU
		{D4789CC5-F868-4308-96B5-87070D2AB5FF}.Release|ARM.ActiveCfg = Release|ARM
		{D4789CC5-F868-4308-96B5-87070D2AB5FF}.Release|ARM.Build.0 = Release|ARM
		{D4789CC5-F868-4308-96B5-87070D2AB5FF}.Release|ARM.Deploy.0 = Release|ARM
		{D4789CC5-F868-4308-96B5-87070D2AB5FF}.Release|iPhone.ActiveCfg = Release|Any CPU
		{D4789CC5-F868-4308-96B5-87070D2AB5FF}.Release|iPhone.Build.0 = Release|Any CPU
		{D4789CC5-F868-4308-96B5-87070D2AB5FF}.Release|iPhone.Deploy.0 = Release|Any CPU
		{D4789CC5-F868-4308-96B5-87070D2AB5FF}.Release|iPhoneSimulator.ActiveCfg = Release|Any CPU
		{D4789CC5-F868-4308-96B5-87070D2AB5FF}.Release|iPhoneSimulator.Build.0 = Release|Any CPU
		{D4789CC5-F868-4308-96B5-87070D2AB5FF}.Release|iPhoneSimulator.Deploy.0 = Release|Any CPU
		{D4789CC5-F868-4308-96B5-87070D2AB5FF}.Release|x64.ActiveCfg = Release|x64
		{D4789CC5-F868-4308-96B5-87070D2AB5FF}.Release|x64.Build.0 = Release|x64
		{D4789CC5-F868-4308-96B5-87070D2AB5FF}.Release|x64.Deploy.0 = Release|x64
		{D4789CC5-F868-4308-96B5-87070D2AB5FF}.Release|x86.ActiveCfg = Release|x86
		{D4789CC5-F868-4308-96B5-87070D2AB5FF}.Release|x86.Build.0 = Release|x86
		{D4789CC5-F868-4308-96B5-87070D2AB5FF}.Release|x86.Deploy.0 = Release|x86
		{4E3F1DEC-C65A-41DF-84B6-05C9FB5BBDAE}.Ad-Hoc|Any CPU.ActiveCfg = Release|Any CPU
		{4E3F1DEC-C65A-41DF-84B6-05C9FB5BBDAE}.Ad-Hoc|Any CPU.Build.0 = Release|Any CPU
		{4E3F1DEC-C65A-41DF-84B6-05C9FB5BBDAE}.Ad-Hoc|Any CPU.Deploy.0 = Release|Any CPU
		{4E3F1DEC-C65A-41DF-84B6-05C9FB5BBDAE}.Ad-Hoc|ARM.ActiveCfg = Release|ARM
		{4E3F1DEC-C65A-41DF-84B6-05C9FB5BBDAE}.Ad-Hoc|ARM.Build.0 = Release|ARM
		{4E3F1DEC-C65A-41DF-84B6-05C9FB5BBDAE}.Ad-Hoc|ARM.Deploy.0 = Release|ARM
		{4E3F1DEC-C65A-41DF-84B6-05C9FB5BBDAE}.Ad-Hoc|iPhone.ActiveCfg = Release|Any CPU
		{4E3F1DEC-C65A-41DF-84B6-05C9FB5BBDAE}.Ad-Hoc|iPhone.Build.0 = Release|Any CPU
		{4E3F1DEC-C65A-41DF-84B6-05C9FB5BBDAE}.Ad-Hoc|iPhone.Deploy.0 = Release|Any CPU
		{4E3F1DEC-C65A-41DF-84B6-05C9FB5BBDAE}.Ad-Hoc|iPhoneSimulator.ActiveCfg = Release|Any CPU
		{4E3F1DEC-C65A-41DF-84B6-05C9FB5BBDAE}.Ad-Hoc|iPhoneSimulator.Build.0 = Release|Any CPU
		{4E3F1DEC-C65A-41DF-84B6-05C9FB5BBDAE}.Ad-Hoc|iPhoneSimulator.Deploy.0 = Release|Any CPU
		{4E3F1DEC-C65A-41DF-84B6-05C9FB5BBDAE}.Ad-Hoc|x64.ActiveCfg = Release|Any CPU
		{4E3F1DEC-C65A-41DF-84B6-05C9FB5BBDAE}.Ad-Hoc|x64.Build.0 = Release|Any CPU
		{4E3F1DEC-C65A-41DF-84B6-05C9FB5BBDAE}.Ad-Hoc|x64.Deploy.0 = Release|Any CPU
		{4E3F1DEC-C65A-41DF-84B6-05C9FB5BBDAE}.Ad-Hoc|x86.ActiveCfg = Release|x86
		{4E3F1DEC-C65A-41DF-84B6-05C9FB5BBDAE}.Ad-Hoc|x86.Build.0 = Release|x86
		{4E3F1DEC-C65A-41DF-84B6-05C9FB5BBDAE}.Ad-Hoc|x86.Deploy.0 = Release|x86
		{4E3F1DEC-C65A-41DF-84B6-05C9FB5BBDAE}.AppStore|Any CPU.ActiveCfg = Release|Any CPU
		{4E3F1DEC-C65A-41DF-84B6-05C9FB5BBDAE}.AppStore|Any CPU.Build.0 = Release|Any CPU
		{4E3F1DEC-C65A-41DF-84B6-05C9FB5BBDAE}.AppStore|Any CPU.Deploy.0 = Release|Any CPU
		{4E3F1DEC-C65A-41DF-84B6-05C9FB5BBDAE}.AppStore|ARM.ActiveCfg = Release|ARM
		{4E3F1DEC-C65A-41DF-84B6-05C9FB5BBDAE}.AppStore|ARM.Build.0 = Release|ARM
		{4E3F1DEC-C65A-41DF-84B6-05C9FB5BBDAE}.AppStore|ARM.Deploy.0 = Release|ARM
		{4E3F1DEC-C65A-41DF-84B6-05C9FB5BBDAE}.AppStore|iPhone.ActiveCfg = Release|Any CPU
		{4E3F1DEC-C65A-41DF-84B6-05C9FB5BBDAE}.AppStore|iPhone.Build.0 = Release|Any CPU
		{4E3F1DEC-C65A-41DF-84B6-05C9FB5BBDAE}.AppStore|iPhone.Deploy.0 = Release|Any CPU
		{4E3F1DEC-C65A-41DF-84B6-05C9FB5BBDAE}.AppStore|iPhoneSimulator.ActiveCfg = Release|Any CPU
		{4E3F1DEC-C65A-41DF-84B6-05C9FB5BBDAE}.AppStore|iPhoneSimulator.Build.0 = Release|Any CPU
		{4E3F1DEC-C65A-41DF-84B6-05C9FB5BBDAE}.AppStore|iPhoneSimulator.Deploy.0 = Release|Any CPU
		{4E3F1DEC-C65A-41DF-84B6-05C9FB5BBDAE}.AppStore|x64.ActiveCfg = Release|Any CPU
		{4E3F1DEC-C65A-41DF-84B6-05C9FB5BBDAE}.AppStore|x64.Build.0 = Release|Any CPU
		{4E3F1DEC-C65A-41DF-84B6-05C9FB5BBDAE}.AppStore|x64.Deploy.0 = Release|Any CPU
		{4E3F1DEC-C65A-41DF-84B6-05C9FB5BBDAE}.AppStore|x86.ActiveCfg = Release|x86
		{4E3F1DEC-C65A-41DF-84B6-05C9FB5BBDAE}.AppStore|x86.Build.0 = Release|x86
		{4E3F1DEC-C65A-41DF-84B6-05C9FB5BBDAE}.AppStore|x86.Deploy.0 = Release|x86
		{4E3F1DEC-C65A-41DF-84B6-05C9FB5BBDAE}.Debug|Any CPU.ActiveCfg = Debug|Any CPU
		{4E3F1DEC-C65A-41DF-84B6-05C9FB5BBDAE}.Debug|Any CPU.Build.0 = Debug|Any CPU
		{4E3F1DEC-C65A-41DF-84B6-05C9FB5BBDAE}.Debug|Any CPU.Deploy.0 = Debug|Any CPU
		{4E3F1DEC-C65A-41DF-84B6-05C9FB5BBDAE}.Debug|ARM.ActiveCfg = Debug|ARM
		{4E3F1DEC-C65A-41DF-84B6-05C9FB5BBDAE}.Debug|ARM.Build.0 = Debug|ARM
		{4E3F1DEC-C65A-41DF-84B6-05C9FB5BBDAE}.Debug|ARM.Deploy.0 = Debug|ARM
		{4E3F1DEC-C65A-41DF-84B6-05C9FB5BBDAE}.Debug|iPhone.ActiveCfg = Debug|Any CPU
		{4E3F1DEC-C65A-41DF-84B6-05C9FB5BBDAE}.Debug|iPhone.Build.0 = Debug|Any CPU
		{4E3F1DEC-C65A-41DF-84B6-05C9FB5BBDAE}.Debug|iPhone.Deploy.0 = Debug|Any CPU
		{4E3F1DEC-C65A-41DF-84B6-05C9FB5BBDAE}.Debug|iPhoneSimulator.ActiveCfg = Debug|Any CPU
		{4E3F1DEC-C65A-41DF-84B6-05C9FB5BBDAE}.Debug|iPhoneSimulator.Build.0 = Debug|Any CPU
		{4E3F1DEC-C65A-41DF-84B6-05C9FB5BBDAE}.Debug|iPhoneSimulator.Deploy.0 = Debug|Any CPU
		{4E3F1DEC-C65A-41DF-84B6-05C9FB5BBDAE}.Debug|x64.ActiveCfg = Debug|Any CPU
		{4E3F1DEC-C65A-41DF-84B6-05C9FB5BBDAE}.Debug|x64.Build.0 = Debug|Any CPU
		{4E3F1DEC-C65A-41DF-84B6-05C9FB5BBDAE}.Debug|x64.Deploy.0 = Debug|Any CPU
		{4E3F1DEC-C65A-41DF-84B6-05C9FB5BBDAE}.Debug|x86.ActiveCfg = Debug|x86
		{4E3F1DEC-C65A-41DF-84B6-05C9FB5BBDAE}.Debug|x86.Build.0 = Debug|x86
		{4E3F1DEC-C65A-41DF-84B6-05C9FB5BBDAE}.Debug|x86.Deploy.0 = Debug|x86
		{4E3F1DEC-C65A-41DF-84B6-05C9FB5BBDAE}.Release|Any CPU.ActiveCfg = Release|Any CPU
		{4E3F1DEC-C65A-41DF-84B6-05C9FB5BBDAE}.Release|Any CPU.Build.0 = Release|Any CPU
		{4E3F1DEC-C65A-41DF-84B6-05C9FB5BBDAE}.Release|Any CPU.Deploy.0 = Release|Any CPU
		{4E3F1DEC-C65A-41DF-84B6-05C9FB5BBDAE}.Release|ARM.ActiveCfg = Release|ARM
		{4E3F1DEC-C65A-41DF-84B6-05C9FB5BBDAE}.Release|ARM.Build.0 = Release|ARM
		{4E3F1DEC-C65A-41DF-84B6-05C9FB5BBDAE}.Release|ARM.Deploy.0 = Release|ARM
		{4E3F1DEC-C65A-41DF-84B6-05C9FB5BBDAE}.Release|iPhone.ActiveCfg = Release|Any CPU
		{4E3F1DEC-C65A-41DF-84B6-05C9FB5BBDAE}.Release|iPhone.Build.0 = Release|Any CPU
		{4E3F1DEC-C65A-41DF-84B6-05C9FB5BBDAE}.Release|iPhone.Deploy.0 = Release|Any CPU
		{4E3F1DEC-C65A-41DF-84B6-05C9FB5BBDAE}.Release|iPhoneSimulator.ActiveCfg = Release|Any CPU
		{4E3F1DEC-C65A-41DF-84B6-05C9FB5BBDAE}.Release|iPhoneSimulator.Build.0 = Release|Any CPU
		{4E3F1DEC-C65A-41DF-84B6-05C9FB5BBDAE}.Release|iPhoneSimulator.Deploy.0 = Release|Any CPU
		{4E3F1DEC-C65A-41DF-84B6-05C9FB5BBDAE}.Release|x64.ActiveCfg = Release|Any CPU
		{4E3F1DEC-C65A-41DF-84B6-05C9FB5BBDAE}.Release|x64.Build.0 = Release|Any CPU
		{4E3F1DEC-C65A-41DF-84B6-05C9FB5BBDAE}.Release|x64.Deploy.0 = Release|Any CPU
		{4E3F1DEC-C65A-41DF-84B6-05C9FB5BBDAE}.Release|x86.ActiveCfg = Release|x86
		{4E3F1DEC-C65A-41DF-84B6-05C9FB5BBDAE}.Release|x86.Build.0 = Release|x86
		{4E3F1DEC-C65A-41DF-84B6-05C9FB5BBDAE}.Release|x86.Deploy.0 = Release|x86
	EndGlobalSection
	GlobalSection(SolutionProperties) = preSolution
		HideSolutionNode = FALSE
	EndGlobalSection
EndGlobal
