
Microsoft Visual Studio Solution File, Format Version 12.00
# Visual Studio 14
VisualStudioVersion = 14.0.24720.0
MinimumVisualStudioVersion = 10.0.40219.1
Project("{FAE04EC0-301F-11D3-BF4B-00C04F79EFBC}") = "BI_Magnetometer", "BI_Magnetometer\BI_Magnetometer\BI_Magnetometer.csproj", "{6D5DADAB-EC46-4675-A053-2D63F08AFF11}"
EndProject
Project("{FAE04EC0-301F-11D3-BF4B-00C04F79EFBC}") = "BI_Magnetometer.Droid", "BI_Magnetometer\BI_Magnetometer.Droid\BI_Magnetometer.Droid.csproj", "{D36EDFDC-5219-460D-B67C-807F4BB88A30}"
EndProject
Project("{FAE04EC0-301F-11D3-BF4B-00C04F79EFBC}") = "BI_Magnetometer.iOS", "BI_Magnetometer\BI_Magnetometer.iOS\BI_Magnetometer.iOS.csproj", "{45D2FD88-4302-4BCA-8592-611BB4FD4823}"
EndProject
Project("{FAE04EC0-301F-11D3-BF4B-00C04F79EFBC}") = "BI_Magnetometer.UWP", "BI_Magnetometer\BI_Magnetometer.UWP\BI_Magnetometer.UWP.csproj", "{07139E97-DE7C-43A1-834F-874B1E79E398}"
EndProject
Project("{FAE04EC0-301F-11D3-BF4B-00C04F79EFBC}") = "BI_Magnetometer.Windows", "BI_Magnetometer\BI_Magnetometer.Windows\BI_Magnetometer.Windows.csproj", "{F7BCC929-AD94-417C-BC5E-74EAE8B00D28}"
EndProject
Project("{FAE04EC0-301F-11D3-BF4B-00C04F79EFBC}") = "BI_Magnetometer.WinPhone", "BI_Magnetometer\BI_Magnetometer.WinPhone\BI_Magnetometer.WinPhone.csproj", "{EE6E614C-87DA-407B-9B1B-087B3A7F3B9A}"
EndProject
Global
	GlobalSection(SolutionConfigurationPlatforms) = preSolution
		Ad-Hoc|Any CPU = Ad-Hoc|Any CPU
		Ad-Hoc|ARM = Ad-Hoc|ARM
		Ad-Hoc|iPhone = Ad-Hoc|iPhone
		Ad-Hoc|iPhoneSimulator = Ad-Hoc|iPhoneSimulator
		Ad-Hoc|x64 = Ad-Hoc|x64
		Ad-Hoc|x86 = Ad-Hoc|x86
		AppStore|Any CPU = AppStore|Any CPU
		AppStore|ARM = AppStore|ARM
		AppStore|iPhone = AppStore|iPhone
		AppStore|iPhoneSimulator = AppStore|iPhoneSimulator
		AppStore|x64 = AppStore|x64
		AppStore|x86 = AppStore|x86
		Debug|Any CPU = Debug|Any CPU
		Debug|ARM = Debug|ARM
		Debug|iPhone = Debug|iPhone
		Debug|iPhoneSimulator = Debug|iPhoneSimulator
		Debug|x64 = Debug|x64
		Debug|x86 = Debug|x86
		Release|Any CPU = Release|Any CPU
		Release|ARM = Release|ARM
		Release|iPhone = Release|iPhone
		Release|iPhoneSimulator = Release|iPhoneSimulator
		Release|x64 = Release|x64
		Release|x86 = Release|x86
	EndGlobalSection
	GlobalSection(ProjectConfigurationPlatforms) = postSolution
		{6D5DADAB-EC46-4675-A053-2D63F08AFF11}.Ad-Hoc|Any CPU.ActiveCfg = Release|Any CPU
		{6D5DADAB-EC46-4675-A053-2D63F08AFF11}.Ad-Hoc|Any CPU.Build.0 = Release|Any CPU
		{6D5DADAB-EC46-4675-A053-2D63F08AFF11}.Ad-Hoc|ARM.ActiveCfg = Release|Any CPU
		{6D5DADAB-EC46-4675-A053-2D63F08AFF11}.Ad-Hoc|ARM.Build.0 = Release|Any CPU
		{6D5DADAB-EC46-4675-A053-2D63F08AFF11}.Ad-Hoc|iPhone.ActiveCfg = Release|Any CPU
		{6D5DADAB-EC46-4675-A053-2D63F08AFF11}.Ad-Hoc|iPhone.Build.0 = Release|Any CPU
		{6D5DADAB-EC46-4675-A053-2D63F08AFF11}.Ad-Hoc|iPhoneSimulator.ActiveCfg = Release|Any CPU
		{6D5DADAB-EC46-4675-A053-2D63F08AFF11}.Ad-Hoc|iPhoneSimulator.Build.0 = Release|Any CPU
		{6D5DADAB-EC46-4675-A053-2D63F08AFF11}.Ad-Hoc|x64.ActiveCfg = Release|Any CPU
		{6D5DADAB-EC46-4675-A053-2D63F08AFF11}.Ad-Hoc|x64.Build.0 = Release|Any CPU
		{6D5DADAB-EC46-4675-A053-2D63F08AFF11}.Ad-Hoc|x86.ActiveCfg = Release|Any CPU
		{6D5DADAB-EC46-4675-A053-2D63F08AFF11}.Ad-Hoc|x86.Build.0 = Release|Any CPU
		{6D5DADAB-EC46-4675-A053-2D63F08AFF11}.AppStore|Any CPU.ActiveCfg = Release|Any CPU
		{6D5DADAB-EC46-4675-A053-2D63F08AFF11}.AppStore|Any CPU.Build.0 = Release|Any CPU
		{6D5DADAB-EC46-4675-A053-2D63F08AFF11}.AppStore|ARM.ActiveCfg = Release|Any CPU
		{6D5DADAB-EC46-4675-A053-2D63F08AFF11}.AppStore|ARM.Build.0 = Release|Any CPU
		{6D5DADAB-EC46-4675-A053-2D63F08AFF11}.AppStore|iPhone.ActiveCfg = Release|Any CPU
		{6D5DADAB-EC46-4675-A053-2D63F08AFF11}.AppStore|iPhone.Build.0 = Release|Any CPU
		{6D5DADAB-EC46-4675-A053-2D63F08AFF11}.AppStore|iPhoneSimulator.ActiveCfg = Release|Any CPU
		{6D5DADAB-EC46-4675-A053-2D63F08AFF11}.AppStore|iPhoneSimulator.Build.0 = Release|Any CPU
		{6D5DADAB-EC46-4675-A053-2D63F08AFF11}.AppStore|x64.ActiveCfg = Release|Any CPU
		{6D5DADAB-EC46-4675-A053-2D63F08AFF11}.AppStore|x64.Build.0 = Release|Any CPU
		{6D5DADAB-EC46-4675-A053-2D63F08AFF11}.AppStore|x86.ActiveCfg = Release|Any CPU
		{6D5DADAB-EC46-4675-A053-2D63F08AFF11}.AppStore|x86.Build.0 = Release|Any CPU
		{6D5DADAB-EC46-4675-A053-2D63F08AFF11}.Debug|Any CPU.ActiveCfg = Debug|Any CPU
		{6D5DADAB-EC46-4675-A053-2D63F08AFF11}.Debug|Any CPU.Build.0 = Debug|Any CPU
		{6D5DADAB-EC46-4675-A053-2D63F08AFF11}.Debug|ARM.ActiveCfg = Debug|Any CPU
		{6D5DADAB-EC46-4675-A053-2D63F08AFF11}.Debug|ARM.Build.0 = Debug|Any CPU
		{6D5DADAB-EC46-4675-A053-2D63F08AFF11}.Debug|iPhone.ActiveCfg = Debug|Any CPU
		{6D5DADAB-EC46-4675-A053-2D63F08AFF11}.Debug|iPhone.Build.0 = Debug|Any CPU
		{6D5DADAB-EC46-4675-A053-2D63F08AFF11}.Debug|iPhoneSimulator.ActiveCfg = Debug|Any CPU
		{6D5DADAB-EC46-4675-A053-2D63F08AFF11}.Debug|iPhoneSimulator.Build.0 = Debug|Any CPU
		{6D5DADAB-EC46-4675-A053-2D63F08AFF11}.Debug|x64.ActiveCfg = Debug|Any CPU
		{6D5DADAB-EC46-4675-A053-2D63F08AFF11}.Debug|x64.Build.0 = Debug|Any CPU
		{6D5DADAB-EC46-4675-A053-2D63F08AFF11}.Debug|x86.ActiveCfg = Debug|Any CPU
		{6D5DADAB-EC46-4675-A053-2D63F08AFF11}.Debug|x86.Build.0 = Debug|Any CPU
		{6D5DADAB-EC46-4675-A053-2D63F08AFF11}.Release|Any CPU.ActiveCfg = Release|Any CPU
		{6D5DADAB-EC46-4675-A053-2D63F08AFF11}.Release|Any CPU.Build.0 = Release|Any CPU
		{6D5DADAB-EC46-4675-A053-2D63F08AFF11}.Release|ARM.ActiveCfg = Release|Any CPU
		{6D5DADAB-EC46-4675-A053-2D63F08AFF11}.Release|ARM.Build.0 = Release|Any CPU
		{6D5DADAB-EC46-4675-A053-2D63F08AFF11}.Release|iPhone.ActiveCfg = Release|Any CPU
		{6D5DADAB-EC46-4675-A053-2D63F08AFF11}.Release|iPhone.Build.0 = Release|Any CPU
		{6D5DADAB-EC46-4675-A053-2D63F08AFF11}.Release|iPhoneSimulator.ActiveCfg = Release|Any CPU
		{6D5DADAB-EC46-4675-A053-2D63F08AFF11}.Release|iPhoneSimulator.Build.0 = Release|Any CPU
		{6D5DADAB-EC46-4675-A053-2D63F08AFF11}.Release|x64.ActiveCfg = Release|Any CPU
		{6D5DADAB-EC46-4675-A053-2D63F08AFF11}.Release|x64.Build.0 = Release|Any CPU
		{6D5DADAB-EC46-4675-A053-2D63F08AFF11}.Release|x86.ActiveCfg = Release|Any CPU
		{6D5DADAB-EC46-4675-A053-2D63F08AFF11}.Release|x86.Build.0 = Release|Any CPU
		{D36EDFDC-5219-460D-B67C-807F4BB88A30}.Ad-Hoc|Any CPU.ActiveCfg = Release|Any CPU
		{D36EDFDC-5219-460D-B67C-807F4BB88A30}.Ad-Hoc|Any CPU.Build.0 = Release|Any CPU
		{D36EDFDC-5219-460D-B67C-807F4BB88A30}.Ad-Hoc|Any CPU.Deploy.0 = Release|Any CPU
		{D36EDFDC-5219-460D-B67C-807F4BB88A30}.Ad-Hoc|ARM.ActiveCfg = Release|Any CPU
		{D36EDFDC-5219-460D-B67C-807F4BB88A30}.Ad-Hoc|ARM.Build.0 = Release|Any CPU
		{D36EDFDC-5219-460D-B67C-807F4BB88A30}.Ad-Hoc|ARM.Deploy.0 = Release|Any CPU
		{D36EDFDC-5219-460D-B67C-807F4BB88A30}.Ad-Hoc|iPhone.ActiveCfg = Release|Any CPU
		{D36EDFDC-5219-460D-B67C-807F4BB88A30}.Ad-Hoc|iPhone.Build.0 = Release|Any CPU
		{D36EDFDC-5219-460D-B67C-807F4BB88A30}.Ad-Hoc|iPhone.Deploy.0 = Release|Any CPU
		{D36EDFDC-5219-460D-B67C-807F4BB88A30}.Ad-Hoc|iPhoneSimulator.ActiveCfg = Release|Any CPU
		{D36EDFDC-5219-460D-B67C-807F4BB88A30}.Ad-Hoc|iPhoneSimulator.Build.0 = Release|Any CPU
		{D36EDFDC-5219-460D-B67C-807F4BB88A30}.Ad-Hoc|iPhoneSimulator.Deploy.0 = Release|Any CPU
		{D36EDFDC-5219-460D-B67C-807F4BB88A30}.Ad-Hoc|x64.ActiveCfg = Release|Any CPU
		{D36EDFDC-5219-460D-B67C-807F4BB88A30}.Ad-Hoc|x64.Build.0 = Release|Any CPU
		{D36EDFDC-5219-460D-B67C-807F4BB88A30}.Ad-Hoc|x64.Deploy.0 = Release|Any CPU
		{D36EDFDC-5219-460D-B67C-807F4BB88A30}.Ad-Hoc|x86.ActiveCfg = Release|Any CPU
		{D36EDFDC-5219-460D-B67C-807F4BB88A30}.Ad-Hoc|x86.Build.0 = Release|Any CPU
		{D36EDFDC-5219-460D-B67C-807F4BB88A30}.Ad-Hoc|x86.Deploy.0 = Release|Any CPU
		{D36EDFDC-5219-460D-B67C-807F4BB88A30}.AppStore|Any CPU.ActiveCfg = Release|Any CPU
		{D36EDFDC-5219-460D-B67C-807F4BB88A30}.AppStore|Any CPU.Build.0 = Release|Any CPU
		{D36EDFDC-5219-460D-B67C-807F4BB88A30}.AppStore|Any CPU.Deploy.0 = Release|Any CPU
		{D36EDFDC-5219-460D-B67C-807F4BB88A30}.AppStore|ARM.ActiveCfg = Release|Any CPU
		{D36EDFDC-5219-460D-B67C-807F4BB88A30}.AppStore|ARM.Build.0 = Release|Any CPU
		{D36EDFDC-5219-460D-B67C-807F4BB88A30}.AppStore|ARM.Deploy.0 = Release|Any CPU
		{D36EDFDC-5219-460D-B67C-807F4BB88A30}.AppStore|iPhone.ActiveCfg = Release|Any CPU
		{D36EDFDC-5219-460D-B67C-807F4BB88A30}.AppStore|iPhone.Build.0 = Release|Any CPU
		{D36EDFDC-5219-460D-B67C-807F4BB88A30}.AppStore|iPhone.Deploy.0 = Release|Any CPU
		{D36EDFDC-5219-460D-B67C-807F4BB88A30}.AppStore|iPhoneSimulator.ActiveCfg = Release|Any CPU
		{D36EDFDC-5219-460D-B67C-807F4BB88A30}.AppStore|iPhoneSimulator.Build.0 = Release|Any CPU
		{D36EDFDC-5219-460D-B67C-807F4BB88A30}.AppStore|iPhoneSimulator.Deploy.0 = Release|Any CPU
		{D36EDFDC-5219-460D-B67C-807F4BB88A30}.AppStore|x64.ActiveCfg = Release|Any CPU
		{D36EDFDC-5219-460D-B67C-807F4BB88A30}.AppStore|x64.Build.0 = Release|Any CPU
		{D36EDFDC-5219-460D-B67C-807F4BB88A30}.AppStore|x64.Deploy.0 = Release|Any CPU
		{D36EDFDC-5219-460D-B67C-807F4BB88A30}.AppStore|x86.ActiveCfg = Release|Any CPU
		{D36EDFDC-5219-460D-B67C-807F4BB88A30}.AppStore|x86.Build.0 = Release|Any CPU
		{D36EDFDC-5219-460D-B67C-807F4BB88A30}.AppStore|x86.Deploy.0 = Release|Any CPU
		{D36EDFDC-5219-460D-B67C-807F4BB88A30}.Debug|Any CPU.ActiveCfg = Debug|Any CPU
		{D36EDFDC-5219-460D-B67C-807F4BB88A30}.Debug|Any CPU.Build.0 = Debug|Any CPU
		{D36EDFDC-5219-460D-B67C-807F4BB88A30}.Debug|Any CPU.Deploy.0 = Debug|Any CPU
		{D36EDFDC-5219-460D-B67C-807F4BB88A30}.Debug|ARM.ActiveCfg = Debug|Any CPU
		{D36EDFDC-5219-460D-B67C-807F4BB88A30}.Debug|ARM.Build.0 = Debug|Any CPU
		{D36EDFDC-5219-460D-B67C-807F4BB88A30}.Debug|ARM.Deploy.0 = Debug|Any CPU
		{D36EDFDC-5219-460D-B67C-807F4BB88A30}.Debug|iPhone.ActiveCfg = Debug|Any CPU
		{D36EDFDC-5219-460D-B67C-807F4BB88A30}.Debug|iPhone.Build.0 = Debug|Any CPU
		{D36EDFDC-5219-460D-B67C-807F4BB88A30}.Debug|iPhone.Deploy.0 = Debug|Any CPU
		{D36EDFDC-5219-460D-B67C-807F4BB88A30}.Debug|iPhoneSimulator.ActiveCfg = Debug|Any CPU
		{D36EDFDC-5219-460D-B67C-807F4BB88A30}.Debug|iPhoneSimulator.Build.0 = Debug|Any CPU
		{D36EDFDC-5219-460D-B67C-807F4BB88A30}.Debug|iPhoneSimulator.Deploy.0 = Debug|Any CPU
		{D36EDFDC-5219-460D-B67C-807F4BB88A30}.Debug|x64.ActiveCfg = Debug|Any CPU
		{D36EDFDC-5219-460D-B67C-807F4BB88A30}.Debug|x64.Build.0 = Debug|Any CPU
		{D36EDFDC-5219-460D-B67C-807F4BB88A30}.Debug|x64.Deploy.0 = Debug|Any CPU
		{D36EDFDC-5219-460D-B67C-807F4BB88A30}.Debug|x86.ActiveCfg = Debug|Any CPU
		{D36EDFDC-5219-460D-B67C-807F4BB88A30}.Debug|x86.Build.0 = Debug|Any CPU
		{D36EDFDC-5219-460D-B67C-807F4BB88A30}.Debug|x86.Deploy.0 = Debug|Any CPU
		{D36EDFDC-5219-460D-B67C-807F4BB88A30}.Release|Any CPU.ActiveCfg = Release|Any CPU
		{D36EDFDC-5219-460D-B67C-807F4BB88A30}.Release|Any CPU.Build.0 = Release|Any CPU
		{D36EDFDC-5219-460D-B67C-807F4BB88A30}.Release|Any CPU.Deploy.0 = Release|Any CPU
		{D36EDFDC-5219-460D-B67C-807F4BB88A30}.Release|ARM.ActiveCfg = Release|Any CPU
		{D36EDFDC-5219-460D-B67C-807F4BB88A30}.Release|ARM.Build.0 = Release|Any CPU
		{D36EDFDC-5219-460D-B67C-807F4BB88A30}.Release|ARM.Deploy.0 = Release|Any CPU
		{D36EDFDC-5219-460D-B67C-807F4BB88A30}.Release|iPhone.ActiveCfg = Release|Any CPU
		{D36EDFDC-5219-460D-B67C-807F4BB88A30}.Release|iPhone.Build.0 = Release|Any CPU
		{D36EDFDC-5219-460D-B67C-807F4BB88A30}.Release|iPhone.Deploy.0 = Release|Any CPU
		{D36EDFDC-5219-460D-B67C-807F4BB88A30}.Release|iPhoneSimulator.ActiveCfg = Release|Any CPU
		{D36EDFDC-5219-460D-B67C-807F4BB88A30}.Release|iPhoneSimulator.Build.0 = Release|Any CPU
		{D36EDFDC-5219-460D-B67C-807F4BB88A30}.Release|iPhoneSimulator.Deploy.0 = Release|Any CPU
		{D36EDFDC-5219-460D-B67C-807F4BB88A30}.Release|x64.ActiveCfg = Release|Any CPU
		{D36EDFDC-5219-460D-B67C-807F4BB88A30}.Release|x64.Build.0 = Release|Any CPU
		{D36EDFDC-5219-460D-B67C-807F4BB88A30}.Release|x64.Deploy.0 = Release|Any CPU
		{D36EDFDC-5219-460D-B67C-807F4BB88A30}.Release|x86.ActiveCfg = Release|Any CPU
		{D36EDFDC-5219-460D-B67C-807F4BB88A30}.Release|x86.Build.0 = Release|Any CPU
		{D36EDFDC-5219-460D-B67C-807F4BB88A30}.Release|x86.Deploy.0 = Release|Any CPU
		{45D2FD88-4302-4BCA-8592-611BB4FD4823}.Ad-Hoc|Any CPU.ActiveCfg = Ad-Hoc|iPhone
		{45D2FD88-4302-4BCA-8592-611BB4FD4823}.Ad-Hoc|ARM.ActiveCfg = Ad-Hoc|iPhone
		{45D2FD88-4302-4BCA-8592-611BB4FD4823}.Ad-Hoc|iPhone.ActiveCfg = Ad-Hoc|iPhone
		{45D2FD88-4302-4BCA-8592-611BB4FD4823}.Ad-Hoc|iPhone.Build.0 = Ad-Hoc|iPhone
		{45D2FD88-4302-4BCA-8592-611BB4FD4823}.Ad-Hoc|iPhoneSimulator.ActiveCfg = Ad-Hoc|iPhoneSimulator
		{45D2FD88-4302-4BCA-8592-611BB4FD4823}.Ad-Hoc|iPhoneSimulator.Build.0 = Ad-Hoc|iPhoneSimulator
		{45D2FD88-4302-4BCA-8592-611BB4FD4823}.Ad-Hoc|x64.ActiveCfg = Ad-Hoc|iPhone
		{45D2FD88-4302-4BCA-8592-611BB4FD4823}.Ad-Hoc|x86.ActiveCfg = Ad-Hoc|iPhone
		{45D2FD88-4302-4BCA-8592-611BB4FD4823}.AppStore|Any CPU.ActiveCfg = AppStore|iPhone
		{45D2FD88-4302-4BCA-8592-611BB4FD4823}.AppStore|ARM.ActiveCfg = AppStore|iPhone
		{45D2FD88-4302-4BCA-8592-611BB4FD4823}.AppStore|iPhone.ActiveCfg = AppStore|iPhone
		{45D2FD88-4302-4BCA-8592-611BB4FD4823}.AppStore|iPhone.Build.0 = AppStore|iPhone
		{45D2FD88-4302-4BCA-8592-611BB4FD4823}.AppStore|iPhoneSimulator.ActiveCfg = AppStore|iPhoneSimulator
		{45D2FD88-4302-4BCA-8592-611BB4FD4823}.AppStore|iPhoneSimulator.Build.0 = AppStore|iPhoneSimulator
		{45D2FD88-4302-4BCA-8592-611BB4FD4823}.AppStore|x64.ActiveCfg = AppStore|iPhone
		{45D2FD88-4302-4BCA-8592-611BB4FD4823}.AppStore|x86.ActiveCfg = AppStore|iPhone
		{45D2FD88-4302-4BCA-8592-611BB4FD4823}.Debug|Any CPU.ActiveCfg = Debug|iPhone
		{45D2FD88-4302-4BCA-8592-611BB4FD4823}.Debug|ARM.ActiveCfg = Debug|iPhone
		{45D2FD88-4302-4BCA-8592-611BB4FD4823}.Debug|iPhone.ActiveCfg = Debug|iPhone
		{45D2FD88-4302-4BCA-8592-611BB4FD4823}.Debug|iPhone.Build.0 = Debug|iPhone
		{45D2FD88-4302-4BCA-8592-611BB4FD4823}.Debug|iPhoneSimulator.ActiveCfg = Debug|iPhoneSimulator
		{45D2FD88-4302-4BCA-8592-611BB4FD4823}.Debug|iPhoneSimulator.Build.0 = Debug|iPhoneSimulator
		{45D2FD88-4302-4BCA-8592-611BB4FD4823}.Debug|x64.ActiveCfg = Debug|iPhone
		{45D2FD88-4302-4BCA-8592-611BB4FD4823}.Debug|x86.ActiveCfg = Debug|iPhone
		{45D2FD88-4302-4BCA-8592-611BB4FD4823}.Release|Any CPU.ActiveCfg = Release|iPhone
		{45D2FD88-4302-4BCA-8592-611BB4FD4823}.Release|ARM.ActiveCfg = Release|iPhone
		{45D2FD88-4302-4BCA-8592-611BB4FD4823}.Release|iPhone.ActiveCfg = Release|iPhone
		{45D2FD88-4302-4BCA-8592-611BB4FD4823}.Release|iPhone.Build.0 = Release|iPhone
		{45D2FD88-4302-4BCA-8592-611BB4FD4823}.Release|iPhoneSimulator.ActiveCfg = Release|iPhoneSimulator
		{45D2FD88-4302-4BCA-8592-611BB4FD4823}.Release|iPhoneSimulator.Build.0 = Release|iPhoneSimulator
		{45D2FD88-4302-4BCA-8592-611BB4FD4823}.Release|x64.ActiveCfg = Release|iPhone
		{45D2FD88-4302-4BCA-8592-611BB4FD4823}.Release|x86.ActiveCfg = Release|iPhone
		{07139E97-DE7C-43A1-834F-874B1E79E398}.Ad-Hoc|Any CPU.ActiveCfg = Release|x86
		{07139E97-DE7C-43A1-834F-874B1E79E398}.Ad-Hoc|Any CPU.Build.0 = Release|x86
		{07139E97-DE7C-43A1-834F-874B1E79E398}.Ad-Hoc|Any CPU.Deploy.0 = Release|x86
		{07139E97-DE7C-43A1-834F-874B1E79E398}.Ad-Hoc|ARM.ActiveCfg = Release|ARM
		{07139E97-DE7C-43A1-834F-874B1E79E398}.Ad-Hoc|ARM.Build.0 = Release|ARM
		{07139E97-DE7C-43A1-834F-874B1E79E398}.Ad-Hoc|ARM.Deploy.0 = Release|ARM
		{07139E97-DE7C-43A1-834F-874B1E79E398}.Ad-Hoc|iPhone.ActiveCfg = Release|x86
		{07139E97-DE7C-43A1-834F-874B1E79E398}.Ad-Hoc|iPhone.Build.0 = Release|x86
		{07139E97-DE7C-43A1-834F-874B1E79E398}.Ad-Hoc|iPhone.Deploy.0 = Release|x86
		{07139E97-DE7C-43A1-834F-874B1E79E398}.Ad-Hoc|iPhoneSimulator.ActiveCfg = Release|x86
		{07139E97-DE7C-43A1-834F-874B1E79E398}.Ad-Hoc|iPhoneSimulator.Build.0 = Release|x86
		{07139E97-DE7C-43A1-834F-874B1E79E398}.Ad-Hoc|iPhoneSimulator.Deploy.0 = Release|x86
		{07139E97-DE7C-43A1-834F-874B1E79E398}.Ad-Hoc|x64.ActiveCfg = Release|x64
		{07139E97-DE7C-43A1-834F-874B1E79E398}.Ad-Hoc|x64.Build.0 = Release|x64
		{07139E97-DE7C-43A1-834F-874B1E79E398}.Ad-Hoc|x64.Deploy.0 = Release|x64
		{07139E97-DE7C-43A1-834F-874B1E79E398}.Ad-Hoc|x86.ActiveCfg = Release|x86
		{07139E97-DE7C-43A1-834F-874B1E79E398}.Ad-Hoc|x86.Build.0 = Release|x86
		{07139E97-DE7C-43A1-834F-874B1E79E398}.Ad-Hoc|x86.Deploy.0 = Release|x86
		{07139E97-DE7C-43A1-834F-874B1E79E398}.AppStore|Any CPU.ActiveCfg = Release|x86
		{07139E97-DE7C-43A1-834F-874B1E79E398}.AppStore|Any CPU.Build.0 = Release|x86
		{07139E97-DE7C-43A1-834F-874B1E79E398}.AppStore|Any CPU.Deploy.0 = Release|x86
		{07139E97-DE7C-43A1-834F-874B1E79E398}.AppStore|ARM.ActiveCfg = Release|ARM
		{07139E97-DE7C-43A1-834F-874B1E79E398}.AppStore|ARM.Build.0 = Release|ARM
		{07139E97-DE7C-43A1-834F-874B1E79E398}.AppStore|ARM.Deploy.0 = Release|ARM
		{07139E97-DE7C-43A1-834F-874B1E79E398}.AppStore|iPhone.ActiveCfg = Release|x86
		{07139E97-DE7C-43A1-834F-874B1E79E398}.AppStore|iPhone.Build.0 = Release|x86
		{07139E97-DE7C-43A1-834F-874B1E79E398}.AppStore|iPhone.Deploy.0 = Release|x86
		{07139E97-DE7C-43A1-834F-874B1E79E398}.AppStore|iPhoneSimulator.ActiveCfg = Release|x86
		{07139E97-DE7C-43A1-834F-874B1E79E398}.AppStore|iPhoneSimulator.Build.0 = Release|x86
		{07139E97-DE7C-43A1-834F-874B1E79E398}.AppStore|iPhoneSimulator.Deploy.0 = Release|x86
		{07139E97-DE7C-43A1-834F-874B1E79E398}.AppStore|x64.ActiveCfg = Release|x64
		{07139E97-DE7C-43A1-834F-874B1E79E398}.AppStore|x64.Build.0 = Release|x64
		{07139E97-DE7C-43A1-834F-874B1E79E398}.AppStore|x64.Deploy.0 = Release|x64
		{07139E97-DE7C-43A1-834F-874B1E79E398}.AppStore|x86.ActiveCfg = Release|x86
		{07139E97-DE7C-43A1-834F-874B1E79E398}.AppStore|x86.Build.0 = Release|x86
		{07139E97-DE7C-43A1-834F-874B1E79E398}.AppStore|x86.Deploy.0 = Release|x86
		{07139E97-DE7C-43A1-834F-874B1E79E398}.Debug|Any CPU.ActiveCfg = Debug|x86
		{07139E97-DE7C-43A1-834F-874B1E79E398}.Debug|ARM.ActiveCfg = Debug|ARM
		{07139E97-DE7C-43A1-834F-874B1E79E398}.Debug|ARM.Build.0 = Debug|ARM
		{07139E97-DE7C-43A1-834F-874B1E79E398}.Debug|ARM.Deploy.0 = Debug|ARM
		{07139E97-DE7C-43A1-834F-874B1E79E398}.Debug|iPhone.ActiveCfg = Debug|x86
		{07139E97-DE7C-43A1-834F-874B1E79E398}.Debug|iPhoneSimulator.ActiveCfg = Debug|x86
		{07139E97-DE7C-43A1-834F-874B1E79E398}.Debug|x64.ActiveCfg = Debug|x64
		{07139E97-DE7C-43A1-834F-874B1E79E398}.Debug|x64.Build.0 = Debug|x64
		{07139E97-DE7C-43A1-834F-874B1E79E398}.Debug|x64.Deploy.0 = Debug|x64
		{07139E97-DE7C-43A1-834F-874B1E79E398}.Debug|x86.ActiveCfg = Debug|x86
		{07139E97-DE7C-43A1-834F-874B1E79E398}.Debug|x86.Build.0 = Debug|x86
		{07139E97-DE7C-43A1-834F-874B1E79E398}.Debug|x86.Deploy.0 = Debug|x86
		{07139E97-DE7C-43A1-834F-874B1E79E398}.Release|Any CPU.ActiveCfg = Release|x86
		{07139E97-DE7C-43A1-834F-874B1E79E398}.Release|ARM.ActiveCfg = Release|ARM
		{07139E97-DE7C-43A1-834F-874B1E79E398}.Release|ARM.Build.0 = Release|ARM
		{07139E97-DE7C-43A1-834F-874B1E79E398}.Release|ARM.Deploy.0 = Release|ARM
		{07139E97-DE7C-43A1-834F-874B1E79E398}.Release|iPhone.ActiveCfg = Release|x86
		{07139E97-DE7C-43A1-834F-874B1E79E398}.Release|iPhoneSimulator.ActiveCfg = Release|x86
		{07139E97-DE7C-43A1-834F-874B1E79E398}.Release|x64.ActiveCfg = Release|x64
		{07139E97-DE7C-43A1-834F-874B1E79E398}.Release|x64.Build.0 = Release|x64
		{07139E97-DE7C-43A1-834F-874B1E79E398}.Release|x64.Deploy.0 = Release|x64
		{07139E97-DE7C-43A1-834F-874B1E79E398}.Release|x86.ActiveCfg = Release|x86
		{07139E97-DE7C-43A1-834F-874B1E79E398}.Release|x86.Build.0 = Release|x86
		{07139E97-DE7C-43A1-834F-874B1E79E398}.Release|x86.Deploy.0 = Release|x86
		{F7BCC929-AD94-417C-BC5E-74EAE8B00D28}.Ad-Hoc|Any CPU.ActiveCfg = Release|Any CPU
		{F7BCC929-AD94-417C-BC5E-74EAE8B00D28}.Ad-Hoc|Any CPU.Build.0 = Release|Any CPU
		{F7BCC929-AD94-417C-BC5E-74EAE8B00D28}.Ad-Hoc|Any CPU.Deploy.0 = Release|Any CPU
		{F7BCC929-AD94-417C-BC5E-74EAE8B00D28}.Ad-Hoc|ARM.ActiveCfg = Release|ARM
		{F7BCC929-AD94-417C-BC5E-74EAE8B00D28}.Ad-Hoc|ARM.Build.0 = Release|ARM
		{F7BCC929-AD94-417C-BC5E-74EAE8B00D28}.Ad-Hoc|ARM.Deploy.0 = Release|ARM
		{F7BCC929-AD94-417C-BC5E-74EAE8B00D28}.Ad-Hoc|iPhone.ActiveCfg = Release|Any CPU
		{F7BCC929-AD94-417C-BC5E-74EAE8B00D28}.Ad-Hoc|iPhone.Build.0 = Release|Any CPU
		{F7BCC929-AD94-417C-BC5E-74EAE8B00D28}.Ad-Hoc|iPhone.Deploy.0 = Release|Any CPU
		{F7BCC929-AD94-417C-BC5E-74EAE8B00D28}.Ad-Hoc|iPhoneSimulator.ActiveCfg = Release|Any CPU
		{F7BCC929-AD94-417C-BC5E-74EAE8B00D28}.Ad-Hoc|iPhoneSimulator.Build.0 = Release|Any CPU
		{F7BCC929-AD94-417C-BC5E-74EAE8B00D28}.Ad-Hoc|iPhoneSimulator.Deploy.0 = Release|Any CPU
		{F7BCC929-AD94-417C-BC5E-74EAE8B00D28}.Ad-Hoc|x64.ActiveCfg = Release|x64
		{F7BCC929-AD94-417C-BC5E-74EAE8B00D28}.Ad-Hoc|x64.Build.0 = Release|x64
		{F7BCC929-AD94-417C-BC5E-74EAE8B00D28}.Ad-Hoc|x64.Deploy.0 = Release|x64
		{F7BCC929-AD94-417C-BC5E-74EAE8B00D28}.Ad-Hoc|x86.ActiveCfg = Release|x86
		{F7BCC929-AD94-417C-BC5E-74EAE8B00D28}.Ad-Hoc|x86.Build.0 = Release|x86
		{F7BCC929-AD94-417C-BC5E-74EAE8B00D28}.Ad-Hoc|x86.Deploy.0 = Release|x86
		{F7BCC929-AD94-417C-BC5E-74EAE8B00D28}.AppStore|Any CPU.ActiveCfg = Release|Any CPU
		{F7BCC929-AD94-417C-BC5E-74EAE8B00D28}.AppStore|Any CPU.Build.0 = Release|Any CPU
		{F7BCC929-AD94-417C-BC5E-74EAE8B00D28}.AppStore|Any CPU.Deploy.0 = Release|Any CPU
		{F7BCC929-AD94-417C-BC5E-74EAE8B00D28}.AppStore|ARM.ActiveCfg = Release|ARM
		{F7BCC929-AD94-417C-BC5E-74EAE8B00D28}.AppStore|ARM.Build.0 = Release|ARM
		{F7BCC929-AD94-417C-BC5E-74EAE8B00D28}.AppStore|ARM.Deploy.0 = Release|ARM
		{F7BCC929-AD94-417C-BC5E-74EAE8B00D28}.AppStore|iPhone.ActiveCfg = Release|Any CPU
		{F7BCC929-AD94-417C-BC5E-74EAE8B00D28}.AppStore|iPhone.Build.0 = Release|Any CPU
		{F7BCC929-AD94-417C-BC5E-74EAE8B00D28}.AppStore|iPhone.Deploy.0 = Release|Any CPU
		{F7BCC929-AD94-417C-BC5E-74EAE8B00D28}.AppStore|iPhoneSimulator.ActiveCfg = Release|Any CPU
		{F7BCC929-AD94-417C-BC5E-74EAE8B00D28}.AppStore|iPhoneSimulator.Build.0 = Release|Any CPU
		{F7BCC929-AD94-417C-BC5E-74EAE8B00D28}.AppStore|iPhoneSimulator.Deploy.0 = Release|Any CPU
		{F7BCC929-AD94-417C-BC5E-74EAE8B00D28}.AppStore|x64.ActiveCfg = Release|x64
		{F7BCC929-AD94-417C-BC5E-74EAE8B00D28}.AppStore|x64.Build.0 = Release|x64
		{F7BCC929-AD94-417C-BC5E-74EAE8B00D28}.AppStore|x64.Deploy.0 = Release|x64
		{F7BCC929-AD94-417C-BC5E-74EAE8B00D28}.AppStore|x86.ActiveCfg = Release|x86
		{F7BCC929-AD94-417C-BC5E-74EAE8B00D28}.AppStore|x86.Build.0 = Release|x86
		{F7BCC929-AD94-417C-BC5E-74EAE8B00D28}.AppStore|x86.Deploy.0 = Release|x86
		{F7BCC929-AD94-417C-BC5E-74EAE8B00D28}.Debug|Any CPU.ActiveCfg = Debug|Any CPU
		{F7BCC929-AD94-417C-BC5E-74EAE8B00D28}.Debug|Any CPU.Build.0 = Debug|Any CPU
		{F7BCC929-AD94-417C-BC5E-74EAE8B00D28}.Debug|Any CPU.Deploy.0 = Debug|Any CPU
		{F7BCC929-AD94-417C-BC5E-74EAE8B00D28}.Debug|ARM.ActiveCfg = Debug|ARM
		{F7BCC929-AD94-417C-BC5E-74EAE8B00D28}.Debug|ARM.Build.0 = Debug|ARM
		{F7BCC929-AD94-417C-BC5E-74EAE8B00D28}.Debug|ARM.Deploy.0 = Debug|ARM
		{F7BCC929-AD94-417C-BC5E-74EAE8B00D28}.Debug|iPhone.ActiveCfg = Debug|Any CPU
		{F7BCC929-AD94-417C-BC5E-74EAE8B00D28}.Debug|iPhone.Build.0 = Debug|Any CPU
		{F7BCC929-AD94-417C-BC5E-74EAE8B00D28}.Debug|iPhone.Deploy.0 = Debug|Any CPU
		{F7BCC929-AD94-417C-BC5E-74EAE8B00D28}.Debug|iPhoneSimulator.ActiveCfg = Debug|Any CPU
		{F7BCC929-AD94-417C-BC5E-74EAE8B00D28}.Debug|iPhoneSimulator.Build.0 = Debug|Any CPU
		{F7BCC929-AD94-417C-BC5E-74EAE8B00D28}.Debug|iPhoneSimulator.Deploy.0 = Debug|Any CPU
		{F7BCC929-AD94-417C-BC5E-74EAE8B00D28}.Debug|x64.ActiveCfg = Debug|x64
		{F7BCC929-AD94-417C-BC5E-74EAE8B00D28}.Debug|x64.Build.0 = Debug|x64
		{F7BCC929-AD94-417C-BC5E-74EAE8B00D28}.Debug|x64.Deploy.0 = Debug|x64
		{F7BCC929-AD94-417C-BC5E-74EAE8B00D28}.Debug|x86.ActiveCfg = Debug|x86
		{F7BCC929-AD94-417C-BC5E-74EAE8B00D28}.Debug|x86.Build.0 = Debug|x86
		{F7BCC929-AD94-417C-BC5E-74EAE8B00D28}.Debug|x86.Deploy.0 = Debug|x86
		{F7BCC929-AD94-417C-BC5E-74EAE8B00D28}.Release|Any CPU.ActiveCfg = Release|Any CPU
		{F7BCC929-AD94-417C-BC5E-74EAE8B00D28}.Release|Any CPU.Build.0 = Release|Any CPU
		{F7BCC929-AD94-417C-BC5E-74EAE8B00D28}.Release|Any CPU.Deploy.0 = Release|Any CPU
		{F7BCC929-AD94-417C-BC5E-74EAE8B00D28}.Release|ARM.ActiveCfg = Release|ARM
		{F7BCC929-AD94-417C-BC5E-74EAE8B00D28}.Release|ARM.Build.0 = Release|ARM
		{F7BCC929-AD94-417C-BC5E-74EAE8B00D28}.Release|ARM.Deploy.0 = Release|ARM
		{F7BCC929-AD94-417C-BC5E-74EAE8B00D28}.Release|iPhone.ActiveCfg = Release|Any CPU
		{F7BCC929-AD94-417C-BC5E-74EAE8B00D28}.Release|iPhone.Build.0 = Release|Any CPU
		{F7BCC929-AD94-417C-BC5E-74EAE8B00D28}.Release|iPhone.Deploy.0 = Release|Any CPU
		{F7BCC929-AD94-417C-BC5E-74EAE8B00D28}.Release|iPhoneSimulator.ActiveCfg = Release|Any CPU
		{F7BCC929-AD94-417C-BC5E-74EAE8B00D28}.Release|iPhoneSimulator.Build.0 = Release|Any CPU
		{F7BCC929-AD94-417C-BC5E-74EAE8B00D28}.Release|iPhoneSimulator.Deploy.0 = Release|Any CPU
		{F7BCC929-AD94-417C-BC5E-74EAE8B00D28}.Release|x64.ActiveCfg = Release|x64
		{F7BCC929-AD94-417C-BC5E-74EAE8B00D28}.Release|x64.Build.0 = Release|x64
		{F7BCC929-AD94-417C-BC5E-74EAE8B00D28}.Release|x64.Deploy.0 = Release|x64
		{F7BCC929-AD94-417C-BC5E-74EAE8B00D28}.Release|x86.ActiveCfg = Release|x86
		{F7BCC929-AD94-417C-BC5E-74EAE8B00D28}.Release|x86.Build.0 = Release|x86
		{F7BCC929-AD94-417C-BC5E-74EAE8B00D28}.Release|x86.Deploy.0 = Release|x86
		{EE6E614C-87DA-407B-9B1B-087B3A7F3B9A}.Ad-Hoc|Any CPU.ActiveCfg = Release|Any CPU
		{EE6E614C-87DA-407B-9B1B-087B3A7F3B9A}.Ad-Hoc|Any CPU.Build.0 = Release|Any CPU
		{EE6E614C-87DA-407B-9B1B-087B3A7F3B9A}.Ad-Hoc|Any CPU.Deploy.0 = Release|Any CPU
		{EE6E614C-87DA-407B-9B1B-087B3A7F3B9A}.Ad-Hoc|ARM.ActiveCfg = Release|ARM
		{EE6E614C-87DA-407B-9B1B-087B3A7F3B9A}.Ad-Hoc|ARM.Build.0 = Release|ARM
		{EE6E614C-87DA-407B-9B1B-087B3A7F3B9A}.Ad-Hoc|ARM.Deploy.0 = Release|ARM
		{EE6E614C-87DA-407B-9B1B-087B3A7F3B9A}.Ad-Hoc|iPhone.ActiveCfg = Release|Any CPU
		{EE6E614C-87DA-407B-9B1B-087B3A7F3B9A}.Ad-Hoc|iPhone.Build.0 = Release|Any CPU
		{EE6E614C-87DA-407B-9B1B-087B3A7F3B9A}.Ad-Hoc|iPhone.Deploy.0 = Release|Any CPU
		{EE6E614C-87DA-407B-9B1B-087B3A7F3B9A}.Ad-Hoc|iPhoneSimulator.ActiveCfg = Release|Any CPU
		{EE6E614C-87DA-407B-9B1B-087B3A7F3B9A}.Ad-Hoc|iPhoneSimulator.Build.0 = Release|Any CPU
		{EE6E614C-87DA-407B-9B1B-087B3A7F3B9A}.Ad-Hoc|iPhoneSimulator.Deploy.0 = Release|Any CPU
		{EE6E614C-87DA-407B-9B1B-087B3A7F3B9A}.Ad-Hoc|x64.ActiveCfg = Release|Any CPU
		{EE6E614C-87DA-407B-9B1B-087B3A7F3B9A}.Ad-Hoc|x64.Build.0 = Release|Any CPU
		{EE6E614C-87DA-407B-9B1B-087B3A7F3B9A}.Ad-Hoc|x64.Deploy.0 = Release|Any CPU
		{EE6E614C-87DA-407B-9B1B-087B3A7F3B9A}.Ad-Hoc|x86.ActiveCfg = Release|x86
		{EE6E614C-87DA-407B-9B1B-087B3A7F3B9A}.Ad-Hoc|x86.Build.0 = Release|x86
		{EE6E614C-87DA-407B-9B1B-087B3A7F3B9A}.Ad-Hoc|x86.Deploy.0 = Release|x86
		{EE6E614C-87DA-407B-9B1B-087B3A7F3B9A}.AppStore|Any CPU.ActiveCfg = Release|Any CPU
		{EE6E614C-87DA-407B-9B1B-087B3A7F3B9A}.AppStore|Any CPU.Build.0 = Release|Any CPU
		{EE6E614C-87DA-407B-9B1B-087B3A7F3B9A}.AppStore|Any CPU.Deploy.0 = Release|Any CPU
		{EE6E614C-87DA-407B-9B1B-087B3A7F3B9A}.AppStore|ARM.ActiveCfg = Release|ARM
		{EE6E614C-87DA-407B-9B1B-087B3A7F3B9A}.AppStore|ARM.Build.0 = Release|ARM
		{EE6E614C-87DA-407B-9B1B-087B3A7F3B9A}.AppStore|ARM.Deploy.0 = Release|ARM
		{EE6E614C-87DA-407B-9B1B-087B3A7F3B9A}.AppStore|iPhone.ActiveCfg = Release|Any CPU
		{EE6E614C-87DA-407B-9B1B-087B3A7F3B9A}.AppStore|iPhone.Build.0 = Release|Any CPU
		{EE6E614C-87DA-407B-9B1B-087B3A7F3B9A}.AppStore|iPhone.Deploy.0 = Release|Any CPU
		{EE6E614C-87DA-407B-9B1B-087B3A7F3B9A}.AppStore|iPhoneSimulator.ActiveCfg = Release|Any CPU
		{EE6E614C-87DA-407B-9B1B-087B3A7F3B9A}.AppStore|iPhoneSimulator.Build.0 = Release|Any CPU
		{EE6E614C-87DA-407B-9B1B-087B3A7F3B9A}.AppStore|iPhoneSimulator.Deploy.0 = Release|Any CPU
		{EE6E614C-87DA-407B-9B1B-087B3A7F3B9A}.AppStore|x64.ActiveCfg = Release|Any CPU
		{EE6E614C-87DA-407B-9B1B-087B3A7F3B9A}.AppStore|x64.Build.0 = Release|Any CPU
		{EE6E614C-87DA-407B-9B1B-087B3A7F3B9A}.AppStore|x64.Deploy.0 = Release|Any CPU
		{EE6E614C-87DA-407B-9B1B-087B3A7F3B9A}.AppStore|x86.ActiveCfg = Release|x86
		{EE6E614C-87DA-407B-9B1B-087B3A7F3B9A}.AppStore|x86.Build.0 = Release|x86
		{EE6E614C-87DA-407B-9B1B-087B3A7F3B9A}.AppStore|x86.Deploy.0 = Release|x86
		{EE6E614C-87DA-407B-9B1B-087B3A7F3B9A}.Debug|Any CPU.ActiveCfg = Debug|Any CPU
		{EE6E614C-87DA-407B-9B1B-087B3A7F3B9A}.Debug|Any CPU.Build.0 = Debug|Any CPU
		{EE6E614C-87DA-407B-9B1B-087B3A7F3B9A}.Debug|Any CPU.Deploy.0 = Debug|Any CPU
		{EE6E614C-87DA-407B-9B1B-087B3A7F3B9A}.Debug|ARM.ActiveCfg = Debug|ARM
		{EE6E614C-87DA-407B-9B1B-087B3A7F3B9A}.Debug|ARM.Build.0 = Debug|ARM
		{EE6E614C-87DA-407B-9B1B-087B3A7F3B9A}.Debug|ARM.Deploy.0 = Debug|ARM
		{EE6E614C-87DA-407B-9B1B-087B3A7F3B9A}.Debug|iPhone.ActiveCfg = Debug|Any CPU
		{EE6E614C-87DA-407B-9B1B-087B3A7F3B9A}.Debug|iPhone.Build.0 = Debug|Any CPU
		{EE6E614C-87DA-407B-9B1B-087B3A7F3B9A}.Debug|iPhone.Deploy.0 = Debug|Any CPU
		{EE6E614C-87DA-407B-9B1B-087B3A7F3B9A}.Debug|iPhoneSimulator.ActiveCfg = Debug|Any CPU
		{EE6E614C-87DA-407B-9B1B-087B3A7F3B9A}.Debug|iPhoneSimulator.Build.0 = Debug|Any CPU
		{EE6E614C-87DA-407B-9B1B-087B3A7F3B9A}.Debug|iPhoneSimulator.Deploy.0 = Debug|Any CPU
		{EE6E614C-87DA-407B-9B1B-087B3A7F3B9A}.Debug|x64.ActiveCfg = Debug|Any CPU
		{EE6E614C-87DA-407B-9B1B-087B3A7F3B9A}.Debug|x64.Build.0 = Debug|Any CPU
		{EE6E614C-87DA-407B-9B1B-087B3A7F3B9A}.Debug|x64.Deploy.0 = Debug|Any CPU
		{EE6E614C-87DA-407B-9B1B-087B3A7F3B9A}.Debug|x86.ActiveCfg = Debug|x86
		{EE6E614C-87DA-407B-9B1B-087B3A7F3B9A}.Debug|x86.Build.0 = Debug|x86
		{EE6E614C-87DA-407B-9B1B-087B3A7F3B9A}.Debug|x86.Deploy.0 = Debug|x86
		{EE6E614C-87DA-407B-9B1B-087B3A7F3B9A}.Release|Any CPU.ActiveCfg = Release|Any CPU
		{EE6E614C-87DA-407B-9B1B-087B3A7F3B9A}.Release|Any CPU.Build.0 = Release|Any CPU
		{EE6E614C-87DA-407B-9B1B-087B3A7F3B9A}.Release|Any CPU.Deploy.0 = Release|Any CPU
		{EE6E614C-87DA-407B-9B1B-087B3A7F3B9A}.Release|ARM.ActiveCfg = Release|ARM
		{EE6E614C-87DA-407B-9B1B-087B3A7F3B9A}.Release|ARM.Build.0 = Release|ARM
		{EE6E614C-87DA-407B-9B1B-087B3A7F3B9A}.Release|ARM.Deploy.0 = Release|ARM
		{EE6E614C-87DA-407B-9B1B-087B3A7F3B9A}.Release|iPhone.ActiveCfg = Release|Any CPU
		{EE6E614C-87DA-407B-9B1B-087B3A7F3B9A}.Release|iPhone.Build.0 = Release|Any CPU
		{EE6E614C-87DA-407B-9B1B-087B3A7F3B9A}.Release|iPhone.Deploy.0 = Release|Any CPU
		{EE6E614C-87DA-407B-9B1B-087B3A7F3B9A}.Release|iPhoneSimulator.ActiveCfg = Release|Any CPU
		{EE6E614C-87DA-407B-9B1B-087B3A7F3B9A}.Release|iPhoneSimulator.Build.0 = Release|Any CPU
		{EE6E614C-87DA-407B-9B1B-087B3A7F3B9A}.Release|iPhoneSimulator.Deploy.0 = Release|Any CPU
		{EE6E614C-87DA-407B-9B1B-087B3A7F3B9A}.Release|x64.ActiveCfg = Release|Any CPU
		{EE6E614C-87DA-407B-9B1B-087B3A7F3B9A}.Release|x64.Build.0 = Release|Any CPU
		{EE6E614C-87DA-407B-9B1B-087B3A7F3B9A}.Release|x64.Deploy.0 = Release|Any CPU
		{EE6E614C-87DA-407B-9B1B-087B3A7F3B9A}.Release|x86.ActiveCfg = Release|x86
		{EE6E614C-87DA-407B-9B1B-087B3A7F3B9A}.Release|x86.Build.0 = Release|x86
		{EE6E614C-87DA-407B-9B1B-087B3A7F3B9A}.Release|x86.Deploy.0 = Release|x86
	EndGlobalSection
	GlobalSection(SolutionProperties) = preSolution
		HideSolutionNode = FALSE
	EndGlobalSection
EndGlobal
