
Microsoft Visual Studio Solution File, Format Version 12.00
# Visual Studio 14
VisualStudioVersion = 14.0.24720.0
MinimumVisualStudioVersion = 10.0.40219.1
Project("{FAE04EC0-301F-11D3-BF4B-00C04F79EFBC}") = "X_Accelerometer.Droid", "X_Accelerometer\X_Accelerometer.Droid\X_Accelerometer.Droid.csproj", "{192A881D-8B24-4238-9C07-850AC108A221}"
EndProject
Project("{FAE04EC0-301F-11D3-BF4B-00C04F79EFBC}") = "X_Accelerometer.iOS", "X_Accelerometer\X_Accelerometer.iOS\X_Accelerometer.iOS.csproj", "{51BE5F7F-879A-4002-AB5F-B8F7BAFC7BFA}"
EndProject
Global
	GlobalSection(SolutionConfigurationPlatforms) = preSolution
		AppStore|Any CPU = AppStore|Any CPU
		AppStore|ARM = AppStore|ARM
		AppStore|iPhone = AppStore|iPhone
		AppStore|iPhoneSimulator = AppStore|iPhoneSimulator
		AppStore|x86 = AppStore|x86
		Debug|Any CPU = Debug|Any CPU
		Debug|ARM = Debug|ARM
		Debug|iPhone = Debug|iPhone
		Debug|iPhoneSimulator = Debug|iPhoneSimulator
		Debug|x86 = Debug|x86
		Release|Any CPU = Release|Any CPU
		Release|ARM = Release|ARM
		Release|iPhone = Release|iPhone
		Release|iPhoneSimulator = Release|iPhoneSimulator
		Release|x86 = Release|x86
	EndGlobalSection
	GlobalSection(ProjectConfigurationPlatforms) = postSolution
		{192A881D-8B24-4238-9C07-850AC108A221}.AppStore|Any CPU.ActiveCfg = Release|Any CPU
		{192A881D-8B24-4238-9C07-850AC108A221}.AppStore|Any CPU.Build.0 = Release|Any CPU
		{192A881D-8B24-4238-9C07-850AC108A221}.AppStore|Any CPU.Deploy.0 = Release|Any CPU
		{192A881D-8B24-4238-9C07-850AC108A221}.AppStore|ARM.ActiveCfg = Release|Any CPU
		{192A881D-8B24-4238-9C07-850AC108A221}.AppStore|ARM.Build.0 = Release|Any CPU
		{192A881D-8B24-4238-9C07-850AC108A221}.AppStore|ARM.Deploy.0 = Release|Any CPU
		{192A881D-8B24-4238-9C07-850AC108A221}.AppStore|iPhone.ActiveCfg = Release|Any CPU
		{192A881D-8B24-4238-9C07-850AC108A221}.AppStore|iPhone.Build.0 = Release|Any CPU
		{192A881D-8B24-4238-9C07-850AC108A221}.AppStore|iPhone.Deploy.0 = Release|Any CPU
		{192A881D-8B24-4238-9C07-850AC108A221}.AppStore|iPhoneSimulator.ActiveCfg = Release|Any CPU
		{192A881D-8B24-4238-9C07-850AC108A221}.AppStore|iPhoneSimulator.Build.0 = Release|Any CPU
		{192A881D-8B24-4238-9C07-850AC108A221}.AppStore|iPhoneSimulator.Deploy.0 = Release|Any CPU
		{192A881D-8B24-4238-9C07-850AC108A221}.AppStore|x86.ActiveCfg = Release|Any CPU
		{192A881D-8B24-4238-9C07-850AC108A221}.AppStore|x86.Build.0 = Release|Any CPU
		{192A881D-8B24-4238-9C07-850AC108A221}.AppStore|x86.Deploy.0 = Release|Any CPU
		{192A881D-8B24-4238-9C07-850AC108A221}.Debug|Any CPU.ActiveCfg = Debug|Any CPU
		{192A881D-8B24-4238-9C07-850AC108A221}.Debug|Any CPU.Build.0 = Debug|Any CPU
		{192A881D-8B24-4238-9C07-850AC108A221}.Debug|Any CPU.Deploy.0 = Debug|Any CPU
		{192A881D-8B24-4238-9C07-850AC108A221}.Debug|ARM.ActiveCfg = Debug|Any CPU
		{192A881D-8B24-4238-9C07-850AC108A221}.Debug|ARM.Build.0 = Debug|Any CPU
		{192A881D-8B24-4238-9C07-850AC108A221}.Debug|ARM.Deploy.0 = Debug|Any CPU
		{192A881D-8B24-4238-9C07-850AC108A221}.Debug|iPhone.ActiveCfg = Debug|Any CPU
		{192A881D-8B24-4238-9C07-850AC108A221}.Debug|iPhone.Build.0 = Debug|Any CPU
		{192A881D-8B24-4238-9C07-850AC108A221}.Debug|iPhone.Deploy.0 = Debug|Any CPU
		{192A881D-8B24-4238-9C07-850AC108A221}.Debug|iPhoneSimulator.ActiveCfg = Debug|Any CPU
		{192A881D-8B24-4238-9C07-850AC108A221}.Debug|iPhoneSimulator.Build.0 = Debug|Any CPU
		{192A881D-8B24-4238-9C07-850AC108A221}.Debug|iPhoneSimulator.Deploy.0 = Debug|Any CPU
		{192A881D-8B24-4238-9C07-850AC108A221}.Debug|x86.ActiveCfg = Debug|Any CPU
		{192A881D-8B24-4238-9C07-850AC108A221}.Debug|x86.Build.0 = Debug|Any CPU
		{192A881D-8B24-4238-9C07-850AC108A221}.Debug|x86.Deploy.0 = Debug|Any CPU
		{192A881D-8B24-4238-9C07-850AC108A221}.Release|Any CPU.ActiveCfg = Release|Any CPU
		{192A881D-8B24-4238-9C07-850AC108A221}.Release|Any CPU.Build.0 = Release|Any CPU
		{192A881D-8B24-4238-9C07-850AC108A221}.Release|Any CPU.Deploy.0 = Release|Any CPU
		{192A881D-8B24-4238-9C07-850AC108A221}.Release|ARM.ActiveCfg = Release|Any CPU
		{192A881D-8B24-4238-9C07-850AC108A221}.Release|ARM.Build.0 = Release|Any CPU
		{192A881D-8B24-4238-9C07-850AC108A221}.Release|ARM.Deploy.0 = Release|Any CPU
		{192A881D-8B24-4238-9C07-850AC108A221}.Release|iPhone.ActiveCfg = Release|Any CPU
		{192A881D-8B24-4238-9C07-850AC108A221}.Release|iPhone.Build.0 = Release|Any CPU
		{192A881D-8B24-4238-9C07-850AC108A221}.Release|iPhone.Deploy.0 = Release|Any CPU
		{192A881D-8B24-4238-9C07-850AC108A221}.Release|iPhoneSimulator.ActiveCfg = Release|Any CPU
		{192A881D-8B24-4238-9C07-850AC108A221}.Release|iPhoneSimulator.Build.0 = Release|Any CPU
		{192A881D-8B24-4238-9C07-850AC108A221}.Release|iPhoneSimulator.Deploy.0 = Release|Any CPU
		{192A881D-8B24-4238-9C07-850AC108A221}.Release|x86.ActiveCfg = Release|Any CPU
		{192A881D-8B24-4238-9C07-850AC108A221}.Release|x86.Build.0 = Release|Any CPU
		{192A881D-8B24-4238-9C07-850AC108A221}.Release|x86.Deploy.0 = Release|Any CPU
		{51BE5F7F-879A-4002-AB5F-B8F7BAFC7BFA}.AppStore|Any CPU.ActiveCfg = AppStore|iPhone
		{51BE5F7F-879A-4002-AB5F-B8F7BAFC7BFA}.AppStore|ARM.ActiveCfg = AppStore|iPhone
		{51BE5F7F-879A-4002-AB5F-B8F7BAFC7BFA}.AppStore|iPhone.ActiveCfg = AppStore|iPhone
		{51BE5F7F-879A-4002-AB5F-B8F7BAFC7BFA}.AppStore|iPhone.Build.0 = AppStore|iPhone
		{51BE5F7F-879A-4002-AB5F-B8F7BAFC7BFA}.AppStore|iPhoneSimulator.ActiveCfg = AppStore|iPhoneSimulator
		{51BE5F7F-879A-4002-AB5F-B8F7BAFC7BFA}.AppStore|iPhoneSimulator.Build.0 = AppStore|iPhoneSimulator
		{51BE5F7F-879A-4002-AB5F-B8F7BAFC7BFA}.AppStore|x86.ActiveCfg = AppStore|iPhone
		{51BE5F7F-879A-4002-AB5F-B8F7BAFC7BFA}.Debug|Any CPU.ActiveCfg = Debug|iPhone
		{51BE5F7F-879A-4002-AB5F-B8F7BAFC7BFA}.Debug|ARM.ActiveCfg = Debug|iPhone
		{51BE5F7F-879A-4002-AB5F-B8F7BAFC7BFA}.Debug|iPhone.ActiveCfg = Debug|iPhone
		{51BE5F7F-879A-4002-AB5F-B8F7BAFC7BFA}.Debug|iPhone.Build.0 = Debug|iPhone
		{51BE5F7F-879A-4002-AB5F-B8F7BAFC7BFA}.Debug|iPhoneSimulator.ActiveCfg = Debug|iPhoneSimulator
		{51BE5F7F-879A-4002-AB5F-B8F7BAFC7BFA}.Debug|iPhoneSimulator.Build.0 = Debug|iPhoneSimulator
		{51BE5F7F-879A-4002-AB5F-B8F7BAFC7BFA}.Debug|x86.ActiveCfg = Debug|iPhone
		{51BE5F7F-879A-4002-AB5F-B8F7BAFC7BFA}.Release|Any CPU.ActiveCfg = Release|iPhone
		{51BE5F7F-879A-4002-AB5F-B8F7BAFC7BFA}.Release|ARM.ActiveCfg = Release|iPhone
		{51BE5F7F-879A-4002-AB5F-B8F7BAFC7BFA}.Release|iPhone.ActiveCfg = Release|iPhone
		{51BE5F7F-879A-4002-AB5F-B8F7BAFC7BFA}.Release|iPhone.Build.0 = Release|iPhone
		{51BE5F7F-879A-4002-AB5F-B8F7BAFC7BFA}.Release|iPhoneSimulator.ActiveCfg = Release|iPhoneSimulator
		{51BE5F7F-879A-4002-AB5F-B8F7BAFC7BFA}.Release|iPhoneSimulator.Build.0 = Release|iPhoneSimulator
		{51BE5F7F-879A-4002-AB5F-B8F7BAFC7BFA}.Release|x86.ActiveCfg = Release|iPhone
	EndGlobalSection
	GlobalSection(SolutionProperties) = preSolution
		HideSolutionNode = FALSE
	EndGlobalSection
EndGlobal
